
Microsoft Visual Studio Solution File, Format Version 12.00
# Visual Studio 2012
Project("{FAE04EC0-301F-11D3-BF4B-00C04F79EFBC}") = "CSPspEmu.Core", "CSPspEmu.Core\CSPspEmu.Core.csproj", "{F783ECD3-0F79-43CC-ABD0-D356A64049C4}"
EndProject
Project("{FAE04EC0-301F-11D3-BF4B-00C04F79EFBC}") = "CSPspEmu.Core.Cpu", "CSPspEmu.Core.Cpu\CSPspEmu.Core.Cpu.csproj", "{827779A5-F05C-41C6-9FF9-FD274224A7AE}"
EndProject
Project("{FAE04EC0-301F-11D3-BF4B-00C04F79EFBC}") = "CSPspEmu.Core.Gpu", "CSPspEmu.Core.Gpu\CSPspEmu.Core.Gpu.csproj", "{9A30EBF3-B702-47D9-AAFC-E3E02B410DAD}"
EndProject
Project("{FAE04EC0-301F-11D3-BF4B-00C04F79EFBC}") = "CSPspEmu.Gui.Winforms", "CSPspEmu.Gui.Winforms\CSPspEmu.Gui.Winforms.csproj", "{550E4F4E-704E-48EB-8392-C1EB229348CF}"
EndProject
Project("{FAE04EC0-301F-11D3-BF4B-00C04F79EFBC}") = "CSPspEmu.Hle", "CSPspEmu.Hle\CSPspEmu.Hle.csproj", "{288AF89E-B41A-4253-A8F7-43D1371516E9}"
EndProject
Project("{FAE04EC0-301F-11D3-BF4B-00C04F79EFBC}") = "CSPspEmu.Hle.Modules", "CSPspEmu.Hle.Modules\CSPspEmu.Hle.Modules.csproj", "{295B7BF1-1130-4098-B0FC-00555DDB09DD}"
EndProject
Project("{FAE04EC0-301F-11D3-BF4B-00C04F79EFBC}") = "CSPspEmu.Runner", "CSPspEmu.Runner\CSPspEmu.Runner.csproj", "{6552E4E6-198A-46B6-864A-53CA5C1ED851}"
EndProject
Project("{FAE04EC0-301F-11D3-BF4B-00C04F79EFBC}") = "CSPspEmu", "CSPspEmu\CSPspEmu.csproj", "{B4C3D929-6A7E-4A71-B896-D2C1C36C4554}"
EndProject
Project("{FAE04EC0-301F-11D3-BF4B-00C04F79EFBC}") = "Tests.CSPspEmu", "CSPspEmu.Tests\Tests.CSPspEmu.csproj", "{37463C84-1A96-4A1A-BD02-2A131D11B9EA}"
EndProject
Project("{FAE04EC0-301F-11D3-BF4B-00C04F79EFBC}") = "CSPspEmu.Resources", "CSPspEmu.Resources\CSPspEmu.Resources.csproj", "{BA3187FA-A2A1-43E0-9FDD-69B377EE3152}"
EndProject
Project("{FAE04EC0-301F-11D3-BF4B-00C04F79EFBC}") = "CSPspEmu.Core.Audio", "CSPspEmu.Core.Audio\CSPspEmu.Core.Audio.csproj", "{3BE28D69-CFB4-4C9D-8874-7CF8F520DFB0}"
EndProject
Project("{FAE04EC0-301F-11D3-BF4B-00C04F79EFBC}") = "CSPspEmu.Media", "CSPspEmu.Media\CSPspEmu.Media.csproj", "{3AD1738D-5D2E-4517-A2B0-3C94155E69DF}"
EndProject
Project("{FAE04EC0-301F-11D3-BF4B-00C04F79EFBC}") = "CSPspEmu.Gui.Winforms.Controls", "CSPspEmu.Gui.Winforms.Controls\CSPspEmu.Gui.Winforms.Controls.csproj", "{4056A286-E040-450F-BAD8-DE8E6B9B57B8}"
EndProject
Project("{FAE04EC0-301F-11D3-BF4B-00C04F79EFBC}") = "Tests.CSPspEmu.Hle.Modules", "CSPspEmu.Hle.Modules.Tests\Tests.CSPspEmu.Hle.Modules.csproj", "{32300C4A-932A-4E50-8CDE-EF31550CD739}"
EndProject
Project("{2150E333-8FDC-42A3-9474-1A3956D46DE8}") = "Solution Items", "Solution Items", "{1948ADE1-9E79-4677-A6DC-D76103CD3566}"
	ProjectSection(SolutionItems) = preProject
		CSPspEmu-2012.vsmdi = CSPspEmu-2012.vsmdi
		Local.testsettings = Local.testsettings
		TraceAndTestImpact.testsettings = TraceAndTestImpact.testsettings
	EndProjectSection
EndProject
Project("{FAE04EC0-301F-11D3-BF4B-00C04F79EFBC}") = "CSPspEmu.Utils", "CSPspEmu.Utils\CSPspEmu.Utils.csproj", "{DC02A203-30F2-4613-950B-1529FD55AC81}"
EndProject
Project("{2150E333-8FDC-42A3-9474-1A3956D46DE8}") = "Tests", "Tests", "{62C51087-397E-4594-A604-762D348BA89D}"
EndProject
Project("{2150E333-8FDC-42A3-9474-1A3956D46DE8}") = "@Frontends", "@Frontends", "{5890F9C7-2DFC-479A-AD6E-6FD1D7DBAC02}"
EndProject
Project("{2150E333-8FDC-42A3-9474-1A3956D46DE8}") = "Libs", "Libs", "{9DB982F3-0D6D-46BB-808C-54FB523796B9}"
EndProject
Project("{2150E333-8FDC-42A3-9474-1A3956D46DE8}") = "Emulator", "Emulator", "{38DD7C09-AE2E-48DD-A6A9-535AB51D3644}"
EndProject
Project("{FAE04EC0-301F-11D3-BF4B-00C04F79EFBC}") = "CSharpUtils", "Libraries\CSharpUtils\CSharpUtils\CSharpUtils\CSharpUtils.csproj", "{746FADF2-D613-4FFD-8551-2181ADAE3CD1}"
EndProject
Project("{FAE04EC0-301F-11D3-BF4B-00C04F79EFBC}") = "CSharpUtils.Ext", "Libraries\CSharpUtils\CSharpUtils\CSharpUtils.Ext\CSharpUtils.Ext.csproj", "{C017FBBE-EF10-4030-A69E-204E766C8F9D}"
EndProject
Project("{FAE04EC0-301F-11D3-BF4B-00C04F79EFBC}") = "CSharpUtils.Drawing", "Libraries\CSharpUtils\CSharpUtils\CSharpUtils.Drawing\CSharpUtils.Drawing.csproj", "{9B217880-48AE-43B6-AE1F-DC732FCCBC7A}"
EndProject
Project("{FAE04EC0-301F-11D3-BF4B-00C04F79EFBC}") = "SafeILGenerator", "Libraries\SafeILGenerator\SafeILGenerator\SafeILGenerator.csproj", "{9A93C7E4-09DA-46CF-B7DD-6BB09681D5AB}"
EndProject
Project("{FAE04EC0-301F-11D3-BF4B-00C04F79EFBC}") = "Tests.SafeILGenerator", "Libraries\SafeILGenerator\SafeILGenerator.Tests\Tests.SafeILGenerator.csproj", "{84686E6D-3496-4934-A021-79FA6B7E7420}"
EndProject
Project("{FAE04EC0-301F-11D3-BF4B-00C04F79EFBC}") = "Tests.CSharpUtils", "Libraries\CSharpUtils\CSharpUtils\CSharpUtilsTests\Tests.CSharpUtils.csproj", "{1ED2F70F-882E-4E15-8604-AFA2E00F3A17}"
EndProject
Project("{FAE04EC0-301F-11D3-BF4B-00C04F79EFBC}") = "Tests.CSharpUtils.Ext", "Libraries\CSharpUtils\CSharpUtils\Tests.CSharpUtils.Ext\Tests.CSharpUtils.Ext.csproj", "{BE842BA8-54EF-4EF6-943D-667B2AA7D731}"
EndProject
Project("{FAE04EC0-301F-11D3-BF4B-00C04F79EFBC}") = "Tests.CSharpUtils.Drawing", "Libraries\CSharpUtils\CSharpUtils\Tests.CSharpUtils.Drawing\Tests.CSharpUtils.Drawing.csproj", "{3DF178F4-4F8E-493B-BD93-75B4C6E4660B}"
EndProject
Project("{FAE04EC0-301F-11D3-BF4B-00C04F79EFBC}") = "Tests.CSPspEmu.Hle", "Tests.CSPspEmu.Hle\Tests.CSPspEmu.Hle.csproj", "{D302E160-F421-4DD6-BAAE-304891DDEFA2}"
EndProject
Project("{2150E333-8FDC-42A3-9474-1A3956D46DE8}") = "Tests.Libs", "Tests.Libs", "{9BF348CD-610E-4B89-AD3C-87BA35115E90}"
EndProject
Project("{FAE04EC0-301F-11D3-BF4B-00C04F79EFBC}") = "Tests.CSPspEmu.Core.Cpu", "Tests.CSPspEmu.Core.Cpu\Tests.CSPspEmu.Core.Cpu.csproj", "{0DFDB697-8C09-48ED-A561-C6610799E4D7}"
EndProject
Project("{FAE04EC0-301F-11D3-BF4B-00C04F79EFBC}") = "Tests.CSPspEmu.Core.Crypto", "Tests.CSPspEmu.Core.Crypto\Tests.CSPspEmu.Core.Crypto.csproj", "{BAB4159F-2DCB-4D18-9F67-B3FA1D449920}"
EndProject
Project("{FAE04EC0-301F-11D3-BF4B-00C04F79EFBC}") = "CSPspEmu.Core.Crypto", "CSPspEmu.Core.Crypto\CSPspEmu.Core.Crypto.csproj", "{F4181553-01F3-425A-8DDC-927A97DE6DE2}"
EndProject
Project("{FAE04EC0-301F-11D3-BF4B-00C04F79EFBC}") = "Tests.CSPspEmu.Core.Gpu", "Tests.CSPspEmu.Core.Gpu\Tests.CSPspEmu.Core.Gpu.csproj", "{83BC2E9E-F96C-44B0-B735-4C048F3F2530}"
EndProject
Project("{FAE04EC0-301F-11D3-BF4B-00C04F79EFBC}") = "CSPspEmuLLETest", "CSPspEmuLLETest\CSPspEmuLLETest.csproj", "{F379F844-CC84-42A8-881C-2724BE8EA952}"
EndProject
Project("{FAE04EC0-301F-11D3-BF4B-00C04F79EFBC}") = "GLES", "GLES\GLES.csproj", "{B03B6268-3264-4E2B-BDD3-0252909C11CE}"
EndProject
Project("{FAE04EC0-301F-11D3-BF4B-00C04F79EFBC}") = "Tests.GLES", "Tests.GLES\Tests.GLES.csproj", "{8BB6F228-A24E-43DE-B039-CC8B4E65FF50}"
EndProject
Project("{FAE04EC0-301F-11D3-BF4B-00C04F79EFBC}") = "CSPspEmu.Core.Memory", "CSPspEmu.Core.Memory\CSPspEmu.Core.Memory.csproj", "{FD27EF3A-4EBE-4867-A603-3E7048DCF459}"
EndProject
Project("{FAE04EC0-301F-11D3-BF4B-00C04F79EFBC}") = "CSPspEmu.Core.Components", "CSPspEmu.Core.Components\CSPspEmu.Core.Components.csproj", "{C2263270-905B-4D00-9446-21C8D9890DDC}"
EndProject
Global
	GlobalSection(TestCaseManagementSettings) = postSolution
		CategoryFile = CSPspEmu-2012.vsmdi
	EndGlobalSection
	GlobalSection(SolutionConfigurationPlatforms) = preSolution
		Debug|Any CPU = Debug|Any CPU
		Debug|Mixed Platforms = Debug|Mixed Platforms
		Debug|x86 = Debug|x86
		Release|Any CPU = Release|Any CPU
		Release|Mixed Platforms = Release|Mixed Platforms
		Release|x86 = Release|x86
		RunTests|Any CPU = RunTests|Any CPU
		RunTests|Mixed Platforms = RunTests|Mixed Platforms
		RunTests|x86 = RunTests|x86
		Trace|Any CPU = Trace|Any CPU
		Trace|Mixed Platforms = Trace|Mixed Platforms
		Trace|x86 = Trace|x86
	EndGlobalSection
	GlobalSection(ProjectConfigurationPlatforms) = postSolution
		{F783ECD3-0F79-43CC-ABD0-D356A64049C4}.Debug|Any CPU.ActiveCfg = Debug|Any CPU
		{F783ECD3-0F79-43CC-ABD0-D356A64049C4}.Debug|Any CPU.Build.0 = Debug|Any CPU
		{F783ECD3-0F79-43CC-ABD0-D356A64049C4}.Debug|Mixed Platforms.ActiveCfg = Debug|Any CPU
		{F783ECD3-0F79-43CC-ABD0-D356A64049C4}.Debug|Mixed Platforms.Build.0 = Debug|Any CPU
		{F783ECD3-0F79-43CC-ABD0-D356A64049C4}.Debug|x86.ActiveCfg = Debug|Any CPU
		{F783ECD3-0F79-43CC-ABD0-D356A64049C4}.Debug|x86.Build.0 = Debug|Any CPU
		{F783ECD3-0F79-43CC-ABD0-D356A64049C4}.Release|Any CPU.ActiveCfg = Release|Any CPU
		{F783ECD3-0F79-43CC-ABD0-D356A64049C4}.Release|Any CPU.Build.0 = Release|Any CPU
		{F783ECD3-0F79-43CC-ABD0-D356A64049C4}.Release|Mixed Platforms.ActiveCfg = Release|Any CPU
		{F783ECD3-0F79-43CC-ABD0-D356A64049C4}.Release|Mixed Platforms.Build.0 = Release|Any CPU
		{F783ECD3-0F79-43CC-ABD0-D356A64049C4}.Release|x86.ActiveCfg = Release|Any CPU
		{F783ECD3-0F79-43CC-ABD0-D356A64049C4}.Release|x86.Build.0 = Release|Any CPU
		{F783ECD3-0F79-43CC-ABD0-D356A64049C4}.RunTests|Any CPU.ActiveCfg = Release|Any CPU
		{F783ECD3-0F79-43CC-ABD0-D356A64049C4}.RunTests|Any CPU.Build.0 = Release|Any CPU
		{F783ECD3-0F79-43CC-ABD0-D356A64049C4}.RunTests|Mixed Platforms.ActiveCfg = Debug|Any CPU
		{F783ECD3-0F79-43CC-ABD0-D356A64049C4}.RunTests|Mixed Platforms.Build.0 = Debug|Any CPU
		{F783ECD3-0F79-43CC-ABD0-D356A64049C4}.RunTests|x86.ActiveCfg = Trace|Any CPU
		{F783ECD3-0F79-43CC-ABD0-D356A64049C4}.RunTests|x86.Build.0 = Trace|Any CPU
		{F783ECD3-0F79-43CC-ABD0-D356A64049C4}.Trace|Any CPU.ActiveCfg = Trace|Any CPU
		{F783ECD3-0F79-43CC-ABD0-D356A64049C4}.Trace|Any CPU.Build.0 = Trace|Any CPU
		{F783ECD3-0F79-43CC-ABD0-D356A64049C4}.Trace|Mixed Platforms.ActiveCfg = Trace|Any CPU
		{F783ECD3-0F79-43CC-ABD0-D356A64049C4}.Trace|Mixed Platforms.Build.0 = Trace|Any CPU
		{F783ECD3-0F79-43CC-ABD0-D356A64049C4}.Trace|x86.ActiveCfg = Trace|Any CPU
		{F783ECD3-0F79-43CC-ABD0-D356A64049C4}.Trace|x86.Build.0 = Trace|Any CPU
		{827779A5-F05C-41C6-9FF9-FD274224A7AE}.Debug|Any CPU.ActiveCfg = Debug|Any CPU
		{827779A5-F05C-41C6-9FF9-FD274224A7AE}.Debug|Any CPU.Build.0 = Debug|Any CPU
		{827779A5-F05C-41C6-9FF9-FD274224A7AE}.Debug|Mixed Platforms.ActiveCfg = Debug|Any CPU
		{827779A5-F05C-41C6-9FF9-FD274224A7AE}.Debug|Mixed Platforms.Build.0 = Debug|Any CPU
		{827779A5-F05C-41C6-9FF9-FD274224A7AE}.Debug|x86.ActiveCfg = Debug|Any CPU
		{827779A5-F05C-41C6-9FF9-FD274224A7AE}.Debug|x86.Build.0 = Debug|Any CPU
		{827779A5-F05C-41C6-9FF9-FD274224A7AE}.Release|Any CPU.ActiveCfg = Release|Any CPU
		{827779A5-F05C-41C6-9FF9-FD274224A7AE}.Release|Any CPU.Build.0 = Release|Any CPU
		{827779A5-F05C-41C6-9FF9-FD274224A7AE}.Release|Mixed Platforms.ActiveCfg = Release|Any CPU
		{827779A5-F05C-41C6-9FF9-FD274224A7AE}.Release|Mixed Platforms.Build.0 = Release|Any CPU
		{827779A5-F05C-41C6-9FF9-FD274224A7AE}.Release|x86.ActiveCfg = Release|Any CPU
		{827779A5-F05C-41C6-9FF9-FD274224A7AE}.Release|x86.Build.0 = Release|Any CPU
		{827779A5-F05C-41C6-9FF9-FD274224A7AE}.RunTests|Any CPU.ActiveCfg = Release|Any CPU
		{827779A5-F05C-41C6-9FF9-FD274224A7AE}.RunTests|Any CPU.Build.0 = Release|Any CPU
		{827779A5-F05C-41C6-9FF9-FD274224A7AE}.RunTests|Mixed Platforms.ActiveCfg = Debug|Any CPU
		{827779A5-F05C-41C6-9FF9-FD274224A7AE}.RunTests|Mixed Platforms.Build.0 = Debug|Any CPU
		{827779A5-F05C-41C6-9FF9-FD274224A7AE}.RunTests|x86.ActiveCfg = Trace|Any CPU
		{827779A5-F05C-41C6-9FF9-FD274224A7AE}.RunTests|x86.Build.0 = Trace|Any CPU
		{827779A5-F05C-41C6-9FF9-FD274224A7AE}.Trace|Any CPU.ActiveCfg = Trace|Any CPU
		{827779A5-F05C-41C6-9FF9-FD274224A7AE}.Trace|Any CPU.Build.0 = Trace|Any CPU
		{827779A5-F05C-41C6-9FF9-FD274224A7AE}.Trace|Mixed Platforms.ActiveCfg = Trace|Any CPU
		{827779A5-F05C-41C6-9FF9-FD274224A7AE}.Trace|Mixed Platforms.Build.0 = Trace|Any CPU
		{827779A5-F05C-41C6-9FF9-FD274224A7AE}.Trace|x86.ActiveCfg = Trace|Any CPU
		{827779A5-F05C-41C6-9FF9-FD274224A7AE}.Trace|x86.Build.0 = Trace|Any CPU
		{9A30EBF3-B702-47D9-AAFC-E3E02B410DAD}.Debug|Any CPU.ActiveCfg = Debug|Any CPU
		{9A30EBF3-B702-47D9-AAFC-E3E02B410DAD}.Debug|Any CPU.Build.0 = Debug|Any CPU
		{9A30EBF3-B702-47D9-AAFC-E3E02B410DAD}.Debug|Mixed Platforms.ActiveCfg = Debug|Any CPU
		{9A30EBF3-B702-47D9-AAFC-E3E02B410DAD}.Debug|Mixed Platforms.Build.0 = Debug|Any CPU
		{9A30EBF3-B702-47D9-AAFC-E3E02B410DAD}.Debug|x86.ActiveCfg = Debug|Any CPU
		{9A30EBF3-B702-47D9-AAFC-E3E02B410DAD}.Debug|x86.Build.0 = Debug|Any CPU
		{9A30EBF3-B702-47D9-AAFC-E3E02B410DAD}.Release|Any CPU.ActiveCfg = Release|Any CPU
		{9A30EBF3-B702-47D9-AAFC-E3E02B410DAD}.Release|Any CPU.Build.0 = Release|Any CPU
		{9A30EBF3-B702-47D9-AAFC-E3E02B410DAD}.Release|Mixed Platforms.ActiveCfg = Release|Any CPU
		{9A30EBF3-B702-47D9-AAFC-E3E02B410DAD}.Release|Mixed Platforms.Build.0 = Release|Any CPU
		{9A30EBF3-B702-47D9-AAFC-E3E02B410DAD}.Release|x86.ActiveCfg = Release|Any CPU
		{9A30EBF3-B702-47D9-AAFC-E3E02B410DAD}.Release|x86.Build.0 = Release|Any CPU
		{9A30EBF3-B702-47D9-AAFC-E3E02B410DAD}.RunTests|Any CPU.ActiveCfg = Release|Any CPU
		{9A30EBF3-B702-47D9-AAFC-E3E02B410DAD}.RunTests|Any CPU.Build.0 = Release|Any CPU
		{9A30EBF3-B702-47D9-AAFC-E3E02B410DAD}.RunTests|Mixed Platforms.ActiveCfg = Debug|Any CPU
		{9A30EBF3-B702-47D9-AAFC-E3E02B410DAD}.RunTests|Mixed Platforms.Build.0 = Debug|Any CPU
		{9A30EBF3-B702-47D9-AAFC-E3E02B410DAD}.RunTests|x86.ActiveCfg = Trace|Any CPU
		{9A30EBF3-B702-47D9-AAFC-E3E02B410DAD}.RunTests|x86.Build.0 = Trace|Any CPU
		{9A30EBF3-B702-47D9-AAFC-E3E02B410DAD}.Trace|Any CPU.ActiveCfg = Trace|Any CPU
		{9A30EBF3-B702-47D9-AAFC-E3E02B410DAD}.Trace|Any CPU.Build.0 = Trace|Any CPU
		{9A30EBF3-B702-47D9-AAFC-E3E02B410DAD}.Trace|Mixed Platforms.ActiveCfg = Trace|Any CPU
		{9A30EBF3-B702-47D9-AAFC-E3E02B410DAD}.Trace|Mixed Platforms.Build.0 = Trace|Any CPU
		{9A30EBF3-B702-47D9-AAFC-E3E02B410DAD}.Trace|x86.ActiveCfg = Trace|Any CPU
		{9A30EBF3-B702-47D9-AAFC-E3E02B410DAD}.Trace|x86.Build.0 = Trace|Any CPU
		{550E4F4E-704E-48EB-8392-C1EB229348CF}.Debug|Any CPU.ActiveCfg = Debug|Any CPU
		{550E4F4E-704E-48EB-8392-C1EB229348CF}.Debug|Any CPU.Build.0 = Debug|Any CPU
		{550E4F4E-704E-48EB-8392-C1EB229348CF}.Debug|Mixed Platforms.ActiveCfg = Debug|Any CPU
		{550E4F4E-704E-48EB-8392-C1EB229348CF}.Debug|Mixed Platforms.Build.0 = Debug|Any CPU
		{550E4F4E-704E-48EB-8392-C1EB229348CF}.Debug|x86.ActiveCfg = Debug|Any CPU
		{550E4F4E-704E-48EB-8392-C1EB229348CF}.Debug|x86.Build.0 = Debug|Any CPU
		{550E4F4E-704E-48EB-8392-C1EB229348CF}.Release|Any CPU.ActiveCfg = Release|Any CPU
		{550E4F4E-704E-48EB-8392-C1EB229348CF}.Release|Any CPU.Build.0 = Release|Any CPU
		{550E4F4E-704E-48EB-8392-C1EB229348CF}.Release|Mixed Platforms.ActiveCfg = Release|Any CPU
		{550E4F4E-704E-48EB-8392-C1EB229348CF}.Release|Mixed Platforms.Build.0 = Release|Any CPU
		{550E4F4E-704E-48EB-8392-C1EB229348CF}.Release|x86.ActiveCfg = Release|Any CPU
		{550E4F4E-704E-48EB-8392-C1EB229348CF}.Release|x86.Build.0 = Release|Any CPU
		{550E4F4E-704E-48EB-8392-C1EB229348CF}.RunTests|Any CPU.ActiveCfg = Release|Any CPU
		{550E4F4E-704E-48EB-8392-C1EB229348CF}.RunTests|Any CPU.Build.0 = Release|Any CPU
		{550E4F4E-704E-48EB-8392-C1EB229348CF}.RunTests|Mixed Platforms.ActiveCfg = Debug|Any CPU
		{550E4F4E-704E-48EB-8392-C1EB229348CF}.RunTests|Mixed Platforms.Build.0 = Debug|Any CPU
		{550E4F4E-704E-48EB-8392-C1EB229348CF}.RunTests|x86.ActiveCfg = Trace|Any CPU
		{550E4F4E-704E-48EB-8392-C1EB229348CF}.RunTests|x86.Build.0 = Trace|Any CPU
		{550E4F4E-704E-48EB-8392-C1EB229348CF}.Trace|Any CPU.ActiveCfg = Trace|Any CPU
		{550E4F4E-704E-48EB-8392-C1EB229348CF}.Trace|Any CPU.Build.0 = Trace|Any CPU
		{550E4F4E-704E-48EB-8392-C1EB229348CF}.Trace|Mixed Platforms.ActiveCfg = Trace|Any CPU
		{550E4F4E-704E-48EB-8392-C1EB229348CF}.Trace|Mixed Platforms.Build.0 = Trace|Any CPU
		{550E4F4E-704E-48EB-8392-C1EB229348CF}.Trace|x86.ActiveCfg = Trace|Any CPU
		{550E4F4E-704E-48EB-8392-C1EB229348CF}.Trace|x86.Build.0 = Trace|Any CPU
		{288AF89E-B41A-4253-A8F7-43D1371516E9}.Debug|Any CPU.ActiveCfg = Debug|Any CPU
		{288AF89E-B41A-4253-A8F7-43D1371516E9}.Debug|Any CPU.Build.0 = Debug|Any CPU
		{288AF89E-B41A-4253-A8F7-43D1371516E9}.Debug|Mixed Platforms.ActiveCfg = Debug|Any CPU
		{288AF89E-B41A-4253-A8F7-43D1371516E9}.Debug|Mixed Platforms.Build.0 = Debug|Any CPU
		{288AF89E-B41A-4253-A8F7-43D1371516E9}.Debug|x86.ActiveCfg = Debug|Any CPU
		{288AF89E-B41A-4253-A8F7-43D1371516E9}.Debug|x86.Build.0 = Debug|Any CPU
		{288AF89E-B41A-4253-A8F7-43D1371516E9}.Release|Any CPU.ActiveCfg = Release|Any CPU
		{288AF89E-B41A-4253-A8F7-43D1371516E9}.Release|Any CPU.Build.0 = Release|Any CPU
		{288AF89E-B41A-4253-A8F7-43D1371516E9}.Release|Mixed Platforms.ActiveCfg = Release|Any CPU
		{288AF89E-B41A-4253-A8F7-43D1371516E9}.Release|Mixed Platforms.Build.0 = Release|Any CPU
		{288AF89E-B41A-4253-A8F7-43D1371516E9}.Release|x86.ActiveCfg = Release|Any CPU
		{288AF89E-B41A-4253-A8F7-43D1371516E9}.Release|x86.Build.0 = Release|Any CPU
		{288AF89E-B41A-4253-A8F7-43D1371516E9}.RunTests|Any CPU.ActiveCfg = Release|Any CPU
		{288AF89E-B41A-4253-A8F7-43D1371516E9}.RunTests|Any CPU.Build.0 = Release|Any CPU
		{288AF89E-B41A-4253-A8F7-43D1371516E9}.RunTests|Mixed Platforms.ActiveCfg = Debug|Any CPU
		{288AF89E-B41A-4253-A8F7-43D1371516E9}.RunTests|Mixed Platforms.Build.0 = Debug|Any CPU
		{288AF89E-B41A-4253-A8F7-43D1371516E9}.RunTests|x86.ActiveCfg = Trace|Any CPU
		{288AF89E-B41A-4253-A8F7-43D1371516E9}.RunTests|x86.Build.0 = Trace|Any CPU
		{288AF89E-B41A-4253-A8F7-43D1371516E9}.Trace|Any CPU.ActiveCfg = Trace|Any CPU
		{288AF89E-B41A-4253-A8F7-43D1371516E9}.Trace|Any CPU.Build.0 = Trace|Any CPU
		{288AF89E-B41A-4253-A8F7-43D1371516E9}.Trace|Mixed Platforms.ActiveCfg = Trace|Any CPU
		{288AF89E-B41A-4253-A8F7-43D1371516E9}.Trace|Mixed Platforms.Build.0 = Trace|Any CPU
		{288AF89E-B41A-4253-A8F7-43D1371516E9}.Trace|x86.ActiveCfg = Trace|Any CPU
		{288AF89E-B41A-4253-A8F7-43D1371516E9}.Trace|x86.Build.0 = Trace|Any CPU
		{295B7BF1-1130-4098-B0FC-00555DDB09DD}.Debug|Any CPU.ActiveCfg = Debug|Any CPU
		{295B7BF1-1130-4098-B0FC-00555DDB09DD}.Debug|Any CPU.Build.0 = Debug|Any CPU
		{295B7BF1-1130-4098-B0FC-00555DDB09DD}.Debug|Mixed Platforms.ActiveCfg = Debug|Any CPU
		{295B7BF1-1130-4098-B0FC-00555DDB09DD}.Debug|Mixed Platforms.Build.0 = Debug|Any CPU
		{295B7BF1-1130-4098-B0FC-00555DDB09DD}.Debug|x86.ActiveCfg = Debug|Any CPU
		{295B7BF1-1130-4098-B0FC-00555DDB09DD}.Debug|x86.Build.0 = Debug|Any CPU
		{295B7BF1-1130-4098-B0FC-00555DDB09DD}.Release|Any CPU.ActiveCfg = Release|Any CPU
		{295B7BF1-1130-4098-B0FC-00555DDB09DD}.Release|Any CPU.Build.0 = Release|Any CPU
		{295B7BF1-1130-4098-B0FC-00555DDB09DD}.Release|Mixed Platforms.ActiveCfg = Release|Any CPU
		{295B7BF1-1130-4098-B0FC-00555DDB09DD}.Release|Mixed Platforms.Build.0 = Release|Any CPU
		{295B7BF1-1130-4098-B0FC-00555DDB09DD}.Release|x86.ActiveCfg = Release|Any CPU
		{295B7BF1-1130-4098-B0FC-00555DDB09DD}.Release|x86.Build.0 = Release|Any CPU
		{295B7BF1-1130-4098-B0FC-00555DDB09DD}.RunTests|Any CPU.ActiveCfg = Release|Any CPU
		{295B7BF1-1130-4098-B0FC-00555DDB09DD}.RunTests|Any CPU.Build.0 = Release|Any CPU
		{295B7BF1-1130-4098-B0FC-00555DDB09DD}.RunTests|Mixed Platforms.ActiveCfg = Debug|Any CPU
		{295B7BF1-1130-4098-B0FC-00555DDB09DD}.RunTests|Mixed Platforms.Build.0 = Debug|Any CPU
		{295B7BF1-1130-4098-B0FC-00555DDB09DD}.RunTests|x86.ActiveCfg = Trace|Any CPU
		{295B7BF1-1130-4098-B0FC-00555DDB09DD}.RunTests|x86.Build.0 = Trace|Any CPU
		{295B7BF1-1130-4098-B0FC-00555DDB09DD}.Trace|Any CPU.ActiveCfg = Trace|Any CPU
		{295B7BF1-1130-4098-B0FC-00555DDB09DD}.Trace|Any CPU.Build.0 = Trace|Any CPU
		{295B7BF1-1130-4098-B0FC-00555DDB09DD}.Trace|Mixed Platforms.ActiveCfg = Trace|Any CPU
		{295B7BF1-1130-4098-B0FC-00555DDB09DD}.Trace|Mixed Platforms.Build.0 = Trace|Any CPU
		{295B7BF1-1130-4098-B0FC-00555DDB09DD}.Trace|x86.ActiveCfg = Trace|Any CPU
		{295B7BF1-1130-4098-B0FC-00555DDB09DD}.Trace|x86.Build.0 = Trace|Any CPU
		{6552E4E6-198A-46B6-864A-53CA5C1ED851}.Debug|Any CPU.ActiveCfg = Debug|Any CPU
		{6552E4E6-198A-46B6-864A-53CA5C1ED851}.Debug|Any CPU.Build.0 = Debug|Any CPU
		{6552E4E6-198A-46B6-864A-53CA5C1ED851}.Debug|Mixed Platforms.ActiveCfg = Debug|Any CPU
		{6552E4E6-198A-46B6-864A-53CA5C1ED851}.Debug|Mixed Platforms.Build.0 = Debug|Any CPU
		{6552E4E6-198A-46B6-864A-53CA5C1ED851}.Debug|x86.ActiveCfg = Debug|Any CPU
		{6552E4E6-198A-46B6-864A-53CA5C1ED851}.Debug|x86.Build.0 = Debug|Any CPU
		{6552E4E6-198A-46B6-864A-53CA5C1ED851}.Release|Any CPU.ActiveCfg = Release|Any CPU
		{6552E4E6-198A-46B6-864A-53CA5C1ED851}.Release|Any CPU.Build.0 = Release|Any CPU
		{6552E4E6-198A-46B6-864A-53CA5C1ED851}.Release|Mixed Platforms.ActiveCfg = Release|Any CPU
		{6552E4E6-198A-46B6-864A-53CA5C1ED851}.Release|Mixed Platforms.Build.0 = Release|Any CPU
		{6552E4E6-198A-46B6-864A-53CA5C1ED851}.Release|x86.ActiveCfg = Release|Any CPU
		{6552E4E6-198A-46B6-864A-53CA5C1ED851}.Release|x86.Build.0 = Release|Any CPU
		{6552E4E6-198A-46B6-864A-53CA5C1ED851}.RunTests|Any CPU.ActiveCfg = Release|Any CPU
		{6552E4E6-198A-46B6-864A-53CA5C1ED851}.RunTests|Any CPU.Build.0 = Release|Any CPU
		{6552E4E6-198A-46B6-864A-53CA5C1ED851}.RunTests|Mixed Platforms.ActiveCfg = Debug|Any CPU
		{6552E4E6-198A-46B6-864A-53CA5C1ED851}.RunTests|Mixed Platforms.Build.0 = Debug|Any CPU
		{6552E4E6-198A-46B6-864A-53CA5C1ED851}.RunTests|x86.ActiveCfg = Trace|Any CPU
		{6552E4E6-198A-46B6-864A-53CA5C1ED851}.RunTests|x86.Build.0 = Trace|Any CPU
		{6552E4E6-198A-46B6-864A-53CA5C1ED851}.Trace|Any CPU.ActiveCfg = Trace|Any CPU
		{6552E4E6-198A-46B6-864A-53CA5C1ED851}.Trace|Any CPU.Build.0 = Trace|Any CPU
		{6552E4E6-198A-46B6-864A-53CA5C1ED851}.Trace|Mixed Platforms.ActiveCfg = Trace|Any CPU
		{6552E4E6-198A-46B6-864A-53CA5C1ED851}.Trace|Mixed Platforms.Build.0 = Trace|Any CPU
		{6552E4E6-198A-46B6-864A-53CA5C1ED851}.Trace|x86.ActiveCfg = Trace|Any CPU
		{6552E4E6-198A-46B6-864A-53CA5C1ED851}.Trace|x86.Build.0 = Trace|Any CPU
		{B4C3D929-6A7E-4A71-B896-D2C1C36C4554}.Debug|Any CPU.ActiveCfg = Debug|x86
		{B4C3D929-6A7E-4A71-B896-D2C1C36C4554}.Debug|Any CPU.Build.0 = Debug|x86
		{B4C3D929-6A7E-4A71-B896-D2C1C36C4554}.Debug|Mixed Platforms.ActiveCfg = Debug|x86
		{B4C3D929-6A7E-4A71-B896-D2C1C36C4554}.Debug|Mixed Platforms.Build.0 = Debug|x86
		{B4C3D929-6A7E-4A71-B896-D2C1C36C4554}.Debug|x86.ActiveCfg = Debug|x86
		{B4C3D929-6A7E-4A71-B896-D2C1C36C4554}.Debug|x86.Build.0 = Debug|x86
		{B4C3D929-6A7E-4A71-B896-D2C1C36C4554}.Release|Any CPU.ActiveCfg = Release|x86
		{B4C3D929-6A7E-4A71-B896-D2C1C36C4554}.Release|Any CPU.Build.0 = Release|x86
		{B4C3D929-6A7E-4A71-B896-D2C1C36C4554}.Release|Mixed Platforms.ActiveCfg = Release|x86
		{B4C3D929-6A7E-4A71-B896-D2C1C36C4554}.Release|Mixed Platforms.Build.0 = Release|x86
		{B4C3D929-6A7E-4A71-B896-D2C1C36C4554}.Release|x86.ActiveCfg = Release|x86
		{B4C3D929-6A7E-4A71-B896-D2C1C36C4554}.Release|x86.Build.0 = Release|x86
		{B4C3D929-6A7E-4A71-B896-D2C1C36C4554}.RunTests|Any CPU.ActiveCfg = RunTests|x86
		{B4C3D929-6A7E-4A71-B896-D2C1C36C4554}.RunTests|Mixed Platforms.ActiveCfg = RunTests|x86
		{B4C3D929-6A7E-4A71-B896-D2C1C36C4554}.RunTests|Mixed Platforms.Build.0 = RunTests|x86
		{B4C3D929-6A7E-4A71-B896-D2C1C36C4554}.RunTests|x86.ActiveCfg = Trace|x86
		{B4C3D929-6A7E-4A71-B896-D2C1C36C4554}.RunTests|x86.Build.0 = Trace|x86
		{B4C3D929-6A7E-4A71-B896-D2C1C36C4554}.Trace|Any CPU.ActiveCfg = Trace|x86
		{B4C3D929-6A7E-4A71-B896-D2C1C36C4554}.Trace|Any CPU.Build.0 = Trace|x86
		{B4C3D929-6A7E-4A71-B896-D2C1C36C4554}.Trace|Mixed Platforms.ActiveCfg = Trace|x86
		{B4C3D929-6A7E-4A71-B896-D2C1C36C4554}.Trace|Mixed Platforms.Build.0 = Trace|x86
		{B4C3D929-6A7E-4A71-B896-D2C1C36C4554}.Trace|x86.ActiveCfg = Trace|x86
		{B4C3D929-6A7E-4A71-B896-D2C1C36C4554}.Trace|x86.Build.0 = Trace|x86
		{37463C84-1A96-4A1A-BD02-2A131D11B9EA}.Debug|Any CPU.ActiveCfg = Debug|Any CPU
		{37463C84-1A96-4A1A-BD02-2A131D11B9EA}.Debug|Any CPU.Build.0 = Debug|Any CPU
		{37463C84-1A96-4A1A-BD02-2A131D11B9EA}.Debug|Mixed Platforms.ActiveCfg = Debug|Any CPU
		{37463C84-1A96-4A1A-BD02-2A131D11B9EA}.Debug|Mixed Platforms.Build.0 = Debug|Any CPU
		{37463C84-1A96-4A1A-BD02-2A131D11B9EA}.Debug|x86.ActiveCfg = Debug|Any CPU
		{37463C84-1A96-4A1A-BD02-2A131D11B9EA}.Debug|x86.Build.0 = Debug|Any CPU
		{37463C84-1A96-4A1A-BD02-2A131D11B9EA}.Release|Any CPU.ActiveCfg = Release|Any CPU
		{37463C84-1A96-4A1A-BD02-2A131D11B9EA}.Release|Any CPU.Build.0 = Release|Any CPU
		{37463C84-1A96-4A1A-BD02-2A131D11B9EA}.Release|Mixed Platforms.ActiveCfg = Release|Any CPU
		{37463C84-1A96-4A1A-BD02-2A131D11B9EA}.Release|Mixed Platforms.Build.0 = Release|Any CPU
		{37463C84-1A96-4A1A-BD02-2A131D11B9EA}.Release|x86.ActiveCfg = Release|Any CPU
		{37463C84-1A96-4A1A-BD02-2A131D11B9EA}.Release|x86.Build.0 = Release|Any CPU
		{37463C84-1A96-4A1A-BD02-2A131D11B9EA}.RunTests|Any CPU.ActiveCfg = Release|Any CPU
		{37463C84-1A96-4A1A-BD02-2A131D11B9EA}.RunTests|Any CPU.Build.0 = Release|Any CPU
		{37463C84-1A96-4A1A-BD02-2A131D11B9EA}.RunTests|Mixed Platforms.ActiveCfg = Debug|Any CPU
		{37463C84-1A96-4A1A-BD02-2A131D11B9EA}.RunTests|Mixed Platforms.Build.0 = Debug|Any CPU
		{37463C84-1A96-4A1A-BD02-2A131D11B9EA}.RunTests|x86.ActiveCfg = Trace|Any CPU
		{37463C84-1A96-4A1A-BD02-2A131D11B9EA}.RunTests|x86.Build.0 = Trace|Any CPU
		{37463C84-1A96-4A1A-BD02-2A131D11B9EA}.Trace|Any CPU.ActiveCfg = Trace|Any CPU
		{37463C84-1A96-4A1A-BD02-2A131D11B9EA}.Trace|Any CPU.Build.0 = Trace|Any CPU
		{37463C84-1A96-4A1A-BD02-2A131D11B9EA}.Trace|Mixed Platforms.ActiveCfg = Trace|Any CPU
		{37463C84-1A96-4A1A-BD02-2A131D11B9EA}.Trace|Mixed Platforms.Build.0 = Trace|Any CPU
		{37463C84-1A96-4A1A-BD02-2A131D11B9EA}.Trace|x86.ActiveCfg = Trace|Any CPU
		{37463C84-1A96-4A1A-BD02-2A131D11B9EA}.Trace|x86.Build.0 = Trace|Any CPU
		{BA3187FA-A2A1-43E0-9FDD-69B377EE3152}.Debug|Any CPU.ActiveCfg = Debug|Any CPU
		{BA3187FA-A2A1-43E0-9FDD-69B377EE3152}.Debug|Any CPU.Build.0 = Debug|Any CPU
		{BA3187FA-A2A1-43E0-9FDD-69B377EE3152}.Debug|Mixed Platforms.ActiveCfg = Debug|Any CPU
		{BA3187FA-A2A1-43E0-9FDD-69B377EE3152}.Debug|Mixed Platforms.Build.0 = Debug|Any CPU
		{BA3187FA-A2A1-43E0-9FDD-69B377EE3152}.Debug|x86.ActiveCfg = Debug|Any CPU
		{BA3187FA-A2A1-43E0-9FDD-69B377EE3152}.Debug|x86.Build.0 = Debug|Any CPU
		{BA3187FA-A2A1-43E0-9FDD-69B377EE3152}.Release|Any CPU.ActiveCfg = Release|Any CPU
		{BA3187FA-A2A1-43E0-9FDD-69B377EE3152}.Release|Any CPU.Build.0 = Release|Any CPU
		{BA3187FA-A2A1-43E0-9FDD-69B377EE3152}.Release|Mixed Platforms.ActiveCfg = Release|Any CPU
		{BA3187FA-A2A1-43E0-9FDD-69B377EE3152}.Release|Mixed Platforms.Build.0 = Release|Any CPU
		{BA3187FA-A2A1-43E0-9FDD-69B377EE3152}.Release|x86.ActiveCfg = Release|Any CPU
		{BA3187FA-A2A1-43E0-9FDD-69B377EE3152}.Release|x86.Build.0 = Release|Any CPU
		{BA3187FA-A2A1-43E0-9FDD-69B377EE3152}.RunTests|Any CPU.ActiveCfg = Release|Any CPU
		{BA3187FA-A2A1-43E0-9FDD-69B377EE3152}.RunTests|Any CPU.Build.0 = Release|Any CPU
		{BA3187FA-A2A1-43E0-9FDD-69B377EE3152}.RunTests|Mixed Platforms.ActiveCfg = Debug|Any CPU
		{BA3187FA-A2A1-43E0-9FDD-69B377EE3152}.RunTests|Mixed Platforms.Build.0 = Debug|Any CPU
		{BA3187FA-A2A1-43E0-9FDD-69B377EE3152}.RunTests|x86.ActiveCfg = Trace|Any CPU
		{BA3187FA-A2A1-43E0-9FDD-69B377EE3152}.RunTests|x86.Build.0 = Trace|Any CPU
		{BA3187FA-A2A1-43E0-9FDD-69B377EE3152}.Trace|Any CPU.ActiveCfg = Trace|Any CPU
		{BA3187FA-A2A1-43E0-9FDD-69B377EE3152}.Trace|Any CPU.Build.0 = Trace|Any CPU
		{BA3187FA-A2A1-43E0-9FDD-69B377EE3152}.Trace|Mixed Platforms.ActiveCfg = Trace|Any CPU
		{BA3187FA-A2A1-43E0-9FDD-69B377EE3152}.Trace|Mixed Platforms.Build.0 = Trace|Any CPU
		{BA3187FA-A2A1-43E0-9FDD-69B377EE3152}.Trace|x86.ActiveCfg = Trace|Any CPU
		{BA3187FA-A2A1-43E0-9FDD-69B377EE3152}.Trace|x86.Build.0 = Trace|Any CPU
		{3BE28D69-CFB4-4C9D-8874-7CF8F520DFB0}.Debug|Any CPU.ActiveCfg = Debug|Any CPU
		{3BE28D69-CFB4-4C9D-8874-7CF8F520DFB0}.Debug|Any CPU.Build.0 = Debug|Any CPU
		{3BE28D69-CFB4-4C9D-8874-7CF8F520DFB0}.Debug|Mixed Platforms.ActiveCfg = Debug|Any CPU
		{3BE28D69-CFB4-4C9D-8874-7CF8F520DFB0}.Debug|Mixed Platforms.Build.0 = Debug|Any CPU
		{3BE28D69-CFB4-4C9D-8874-7CF8F520DFB0}.Debug|x86.ActiveCfg = Debug|Any CPU
		{3BE28D69-CFB4-4C9D-8874-7CF8F520DFB0}.Debug|x86.Build.0 = Debug|Any CPU
		{3BE28D69-CFB4-4C9D-8874-7CF8F520DFB0}.Release|Any CPU.ActiveCfg = Release|Any CPU
		{3BE28D69-CFB4-4C9D-8874-7CF8F520DFB0}.Release|Any CPU.Build.0 = Release|Any CPU
		{3BE28D69-CFB4-4C9D-8874-7CF8F520DFB0}.Release|Mixed Platforms.ActiveCfg = Release|Any CPU
		{3BE28D69-CFB4-4C9D-8874-7CF8F520DFB0}.Release|Mixed Platforms.Build.0 = Release|Any CPU
		{3BE28D69-CFB4-4C9D-8874-7CF8F520DFB0}.Release|x86.ActiveCfg = Release|Any CPU
		{3BE28D69-CFB4-4C9D-8874-7CF8F520DFB0}.Release|x86.Build.0 = Release|Any CPU
		{3BE28D69-CFB4-4C9D-8874-7CF8F520DFB0}.RunTests|Any CPU.ActiveCfg = Release|Any CPU
		{3BE28D69-CFB4-4C9D-8874-7CF8F520DFB0}.RunTests|Any CPU.Build.0 = Release|Any CPU
		{3BE28D69-CFB4-4C9D-8874-7CF8F520DFB0}.RunTests|Mixed Platforms.ActiveCfg = Debug|Any CPU
		{3BE28D69-CFB4-4C9D-8874-7CF8F520DFB0}.RunTests|Mixed Platforms.Build.0 = Debug|Any CPU
		{3BE28D69-CFB4-4C9D-8874-7CF8F520DFB0}.RunTests|x86.ActiveCfg = Trace|Any CPU
		{3BE28D69-CFB4-4C9D-8874-7CF8F520DFB0}.RunTests|x86.Build.0 = Trace|Any CPU
		{3BE28D69-CFB4-4C9D-8874-7CF8F520DFB0}.Trace|Any CPU.ActiveCfg = Trace|Any CPU
		{3BE28D69-CFB4-4C9D-8874-7CF8F520DFB0}.Trace|Any CPU.Build.0 = Trace|Any CPU
		{3BE28D69-CFB4-4C9D-8874-7CF8F520DFB0}.Trace|Mixed Platforms.ActiveCfg = Trace|Any CPU
		{3BE28D69-CFB4-4C9D-8874-7CF8F520DFB0}.Trace|Mixed Platforms.Build.0 = Trace|Any CPU
		{3BE28D69-CFB4-4C9D-8874-7CF8F520DFB0}.Trace|x86.ActiveCfg = Trace|Any CPU
		{3BE28D69-CFB4-4C9D-8874-7CF8F520DFB0}.Trace|x86.Build.0 = Trace|Any CPU
		{3AD1738D-5D2E-4517-A2B0-3C94155E69DF}.Debug|Any CPU.ActiveCfg = Debug|Any CPU
		{3AD1738D-5D2E-4517-A2B0-3C94155E69DF}.Debug|Any CPU.Build.0 = Debug|Any CPU
		{3AD1738D-5D2E-4517-A2B0-3C94155E69DF}.Debug|Mixed Platforms.ActiveCfg = Debug|Any CPU
		{3AD1738D-5D2E-4517-A2B0-3C94155E69DF}.Debug|Mixed Platforms.Build.0 = Debug|Any CPU
		{3AD1738D-5D2E-4517-A2B0-3C94155E69DF}.Debug|x86.ActiveCfg = Debug|Any CPU
		{3AD1738D-5D2E-4517-A2B0-3C94155E69DF}.Debug|x86.Build.0 = Debug|Any CPU
		{3AD1738D-5D2E-4517-A2B0-3C94155E69DF}.Release|Any CPU.ActiveCfg = Release|Any CPU
		{3AD1738D-5D2E-4517-A2B0-3C94155E69DF}.Release|Any CPU.Build.0 = Release|Any CPU
		{3AD1738D-5D2E-4517-A2B0-3C94155E69DF}.Release|Mixed Platforms.ActiveCfg = Release|Any CPU
		{3AD1738D-5D2E-4517-A2B0-3C94155E69DF}.Release|Mixed Platforms.Build.0 = Release|Any CPU
		{3AD1738D-5D2E-4517-A2B0-3C94155E69DF}.Release|x86.ActiveCfg = Release|Any CPU
		{3AD1738D-5D2E-4517-A2B0-3C94155E69DF}.Release|x86.Build.0 = Release|Any CPU
		{3AD1738D-5D2E-4517-A2B0-3C94155E69DF}.RunTests|Any CPU.ActiveCfg = Release|Any CPU
		{3AD1738D-5D2E-4517-A2B0-3C94155E69DF}.RunTests|Any CPU.Build.0 = Release|Any CPU
		{3AD1738D-5D2E-4517-A2B0-3C94155E69DF}.RunTests|Mixed Platforms.ActiveCfg = Debug|Any CPU
		{3AD1738D-5D2E-4517-A2B0-3C94155E69DF}.RunTests|Mixed Platforms.Build.0 = Debug|Any CPU
		{3AD1738D-5D2E-4517-A2B0-3C94155E69DF}.RunTests|x86.ActiveCfg = Trace|Any CPU
		{3AD1738D-5D2E-4517-A2B0-3C94155E69DF}.RunTests|x86.Build.0 = Trace|Any CPU
		{3AD1738D-5D2E-4517-A2B0-3C94155E69DF}.Trace|Any CPU.ActiveCfg = Trace|Any CPU
		{3AD1738D-5D2E-4517-A2B0-3C94155E69DF}.Trace|Any CPU.Build.0 = Trace|Any CPU
		{3AD1738D-5D2E-4517-A2B0-3C94155E69DF}.Trace|Mixed Platforms.ActiveCfg = Trace|Any CPU
		{3AD1738D-5D2E-4517-A2B0-3C94155E69DF}.Trace|Mixed Platforms.Build.0 = Trace|Any CPU
		{3AD1738D-5D2E-4517-A2B0-3C94155E69DF}.Trace|x86.ActiveCfg = Trace|Any CPU
		{3AD1738D-5D2E-4517-A2B0-3C94155E69DF}.Trace|x86.Build.0 = Trace|Any CPU
		{4056A286-E040-450F-BAD8-DE8E6B9B57B8}.Debug|Any CPU.ActiveCfg = Debug|Any CPU
		{4056A286-E040-450F-BAD8-DE8E6B9B57B8}.Debug|Any CPU.Build.0 = Debug|Any CPU
		{4056A286-E040-450F-BAD8-DE8E6B9B57B8}.Debug|Mixed Platforms.ActiveCfg = Debug|Any CPU
		{4056A286-E040-450F-BAD8-DE8E6B9B57B8}.Debug|Mixed Platforms.Build.0 = Debug|Any CPU
		{4056A286-E040-450F-BAD8-DE8E6B9B57B8}.Debug|x86.ActiveCfg = Debug|Any CPU
		{4056A286-E040-450F-BAD8-DE8E6B9B57B8}.Debug|x86.Build.0 = Debug|Any CPU
		{4056A286-E040-450F-BAD8-DE8E6B9B57B8}.Release|Any CPU.ActiveCfg = Release|Any CPU
		{4056A286-E040-450F-BAD8-DE8E6B9B57B8}.Release|Any CPU.Build.0 = Release|Any CPU
		{4056A286-E040-450F-BAD8-DE8E6B9B57B8}.Release|Mixed Platforms.ActiveCfg = Release|Any CPU
		{4056A286-E040-450F-BAD8-DE8E6B9B57B8}.Release|Mixed Platforms.Build.0 = Release|Any CPU
		{4056A286-E040-450F-BAD8-DE8E6B9B57B8}.Release|x86.ActiveCfg = Release|Any CPU
		{4056A286-E040-450F-BAD8-DE8E6B9B57B8}.Release|x86.Build.0 = Release|Any CPU
		{4056A286-E040-450F-BAD8-DE8E6B9B57B8}.RunTests|Any CPU.ActiveCfg = Release|Any CPU
		{4056A286-E040-450F-BAD8-DE8E6B9B57B8}.RunTests|Any CPU.Build.0 = Release|Any CPU
		{4056A286-E040-450F-BAD8-DE8E6B9B57B8}.RunTests|Mixed Platforms.ActiveCfg = Release|Any CPU
		{4056A286-E040-450F-BAD8-DE8E6B9B57B8}.RunTests|Mixed Platforms.Build.0 = Release|Any CPU
		{4056A286-E040-450F-BAD8-DE8E6B9B57B8}.RunTests|x86.ActiveCfg = Trace|Any CPU
		{4056A286-E040-450F-BAD8-DE8E6B9B57B8}.RunTests|x86.Build.0 = Trace|Any CPU
		{4056A286-E040-450F-BAD8-DE8E6B9B57B8}.Trace|Any CPU.ActiveCfg = Trace|Any CPU
		{4056A286-E040-450F-BAD8-DE8E6B9B57B8}.Trace|Any CPU.Build.0 = Trace|Any CPU
		{4056A286-E040-450F-BAD8-DE8E6B9B57B8}.Trace|Mixed Platforms.ActiveCfg = Trace|Any CPU
		{4056A286-E040-450F-BAD8-DE8E6B9B57B8}.Trace|Mixed Platforms.Build.0 = Trace|Any CPU
		{4056A286-E040-450F-BAD8-DE8E6B9B57B8}.Trace|x86.ActiveCfg = Trace|Any CPU
		{4056A286-E040-450F-BAD8-DE8E6B9B57B8}.Trace|x86.Build.0 = Trace|Any CPU
		{32300C4A-932A-4E50-8CDE-EF31550CD739}.Debug|Any CPU.ActiveCfg = Debug|Any CPU
		{32300C4A-932A-4E50-8CDE-EF31550CD739}.Debug|Any CPU.Build.0 = Debug|Any CPU
		{32300C4A-932A-4E50-8CDE-EF31550CD739}.Debug|Mixed Platforms.ActiveCfg = Debug|Any CPU
		{32300C4A-932A-4E50-8CDE-EF31550CD739}.Debug|Mixed Platforms.Build.0 = Debug|Any CPU
		{32300C4A-932A-4E50-8CDE-EF31550CD739}.Debug|x86.ActiveCfg = Debug|Any CPU
		{32300C4A-932A-4E50-8CDE-EF31550CD739}.Debug|x86.Build.0 = Debug|Any CPU
		{32300C4A-932A-4E50-8CDE-EF31550CD739}.Release|Any CPU.ActiveCfg = Release|Any CPU
		{32300C4A-932A-4E50-8CDE-EF31550CD739}.Release|Any CPU.Build.0 = Release|Any CPU
		{32300C4A-932A-4E50-8CDE-EF31550CD739}.Release|Mixed Platforms.ActiveCfg = Release|Any CPU
		{32300C4A-932A-4E50-8CDE-EF31550CD739}.Release|Mixed Platforms.Build.0 = Release|Any CPU
		{32300C4A-932A-4E50-8CDE-EF31550CD739}.Release|x86.ActiveCfg = Release|Any CPU
		{32300C4A-932A-4E50-8CDE-EF31550CD739}.Release|x86.Build.0 = Release|Any CPU
		{32300C4A-932A-4E50-8CDE-EF31550CD739}.RunTests|Any CPU.ActiveCfg = Release|Any CPU
		{32300C4A-932A-4E50-8CDE-EF31550CD739}.RunTests|Any CPU.Build.0 = Release|Any CPU
		{32300C4A-932A-4E50-8CDE-EF31550CD739}.RunTests|Mixed Platforms.ActiveCfg = Release|Any CPU
		{32300C4A-932A-4E50-8CDE-EF31550CD739}.RunTests|Mixed Platforms.Build.0 = Release|Any CPU
		{32300C4A-932A-4E50-8CDE-EF31550CD739}.RunTests|x86.ActiveCfg = Release|Any CPU
		{32300C4A-932A-4E50-8CDE-EF31550CD739}.RunTests|x86.Build.0 = Release|Any CPU
		{32300C4A-932A-4E50-8CDE-EF31550CD739}.Trace|Any CPU.ActiveCfg = Release|Any CPU
		{32300C4A-932A-4E50-8CDE-EF31550CD739}.Trace|Any CPU.Build.0 = Release|Any CPU
		{32300C4A-932A-4E50-8CDE-EF31550CD739}.Trace|Mixed Platforms.ActiveCfg = Release|Any CPU
		{32300C4A-932A-4E50-8CDE-EF31550CD739}.Trace|Mixed Platforms.Build.0 = Release|Any CPU
		{32300C4A-932A-4E50-8CDE-EF31550CD739}.Trace|x86.ActiveCfg = Release|Any CPU
		{32300C4A-932A-4E50-8CDE-EF31550CD739}.Trace|x86.Build.0 = Release|Any CPU
		{DC02A203-30F2-4613-950B-1529FD55AC81}.Debug|Any CPU.ActiveCfg = Debug|Any CPU
		{DC02A203-30F2-4613-950B-1529FD55AC81}.Debug|Any CPU.Build.0 = Debug|Any CPU
		{DC02A203-30F2-4613-950B-1529FD55AC81}.Debug|Mixed Platforms.ActiveCfg = Debug|Any CPU
		{DC02A203-30F2-4613-950B-1529FD55AC81}.Debug|Mixed Platforms.Build.0 = Debug|Any CPU
		{DC02A203-30F2-4613-950B-1529FD55AC81}.Debug|x86.ActiveCfg = Debug|Any CPU
		{DC02A203-30F2-4613-950B-1529FD55AC81}.Debug|x86.Build.0 = Debug|Any CPU
		{DC02A203-30F2-4613-950B-1529FD55AC81}.Release|Any CPU.ActiveCfg = Release|Any CPU
		{DC02A203-30F2-4613-950B-1529FD55AC81}.Release|Any CPU.Build.0 = Release|Any CPU
		{DC02A203-30F2-4613-950B-1529FD55AC81}.Release|Mixed Platforms.ActiveCfg = Release|Any CPU
		{DC02A203-30F2-4613-950B-1529FD55AC81}.Release|Mixed Platforms.Build.0 = Release|Any CPU
		{DC02A203-30F2-4613-950B-1529FD55AC81}.Release|x86.ActiveCfg = Release|Any CPU
		{DC02A203-30F2-4613-950B-1529FD55AC81}.Release|x86.Build.0 = Release|Any CPU
		{DC02A203-30F2-4613-950B-1529FD55AC81}.RunTests|Any CPU.ActiveCfg = Release|Any CPU
		{DC02A203-30F2-4613-950B-1529FD55AC81}.RunTests|Any CPU.Build.0 = Release|Any CPU
		{DC02A203-30F2-4613-950B-1529FD55AC81}.RunTests|Mixed Platforms.ActiveCfg = Release|Any CPU
		{DC02A203-30F2-4613-950B-1529FD55AC81}.RunTests|Mixed Platforms.Build.0 = Release|Any CPU
		{DC02A203-30F2-4613-950B-1529FD55AC81}.RunTests|x86.ActiveCfg = Release|Any CPU
		{DC02A203-30F2-4613-950B-1529FD55AC81}.RunTests|x86.Build.0 = Release|Any CPU
		{DC02A203-30F2-4613-950B-1529FD55AC81}.Trace|Any CPU.ActiveCfg = Release|Any CPU
		{DC02A203-30F2-4613-950B-1529FD55AC81}.Trace|Any CPU.Build.0 = Release|Any CPU
		{DC02A203-30F2-4613-950B-1529FD55AC81}.Trace|Mixed Platforms.ActiveCfg = Release|Any CPU
		{DC02A203-30F2-4613-950B-1529FD55AC81}.Trace|Mixed Platforms.Build.0 = Release|Any CPU
		{DC02A203-30F2-4613-950B-1529FD55AC81}.Trace|x86.ActiveCfg = Release|Any CPU
		{DC02A203-30F2-4613-950B-1529FD55AC81}.Trace|x86.Build.0 = Release|Any CPU
		{746FADF2-D613-4FFD-8551-2181ADAE3CD1}.Debug|Any CPU.ActiveCfg = Debug|Any CPU
		{746FADF2-D613-4FFD-8551-2181ADAE3CD1}.Debug|Any CPU.Build.0 = Debug|Any CPU
		{746FADF2-D613-4FFD-8551-2181ADAE3CD1}.Debug|Mixed Platforms.ActiveCfg = Debug|Any CPU
		{746FADF2-D613-4FFD-8551-2181ADAE3CD1}.Debug|Mixed Platforms.Build.0 = Debug|Any CPU
		{746FADF2-D613-4FFD-8551-2181ADAE3CD1}.Debug|x86.ActiveCfg = Debug|Any CPU
		{746FADF2-D613-4FFD-8551-2181ADAE3CD1}.Release|Any CPU.ActiveCfg = Release|Any CPU
		{746FADF2-D613-4FFD-8551-2181ADAE3CD1}.Release|Any CPU.Build.0 = Release|Any CPU
		{746FADF2-D613-4FFD-8551-2181ADAE3CD1}.Release|Mixed Platforms.ActiveCfg = Release|Any CPU
		{746FADF2-D613-4FFD-8551-2181ADAE3CD1}.Release|Mixed Platforms.Build.0 = Release|Any CPU
		{746FADF2-D613-4FFD-8551-2181ADAE3CD1}.Release|x86.ActiveCfg = Release|Any CPU
		{746FADF2-D613-4FFD-8551-2181ADAE3CD1}.RunTests|Any CPU.ActiveCfg = Release|Any CPU
		{746FADF2-D613-4FFD-8551-2181ADAE3CD1}.RunTests|Any CPU.Build.0 = Release|Any CPU
		{746FADF2-D613-4FFD-8551-2181ADAE3CD1}.RunTests|Mixed Platforms.ActiveCfg = Release|Any CPU
		{746FADF2-D613-4FFD-8551-2181ADAE3CD1}.RunTests|Mixed Platforms.Build.0 = Release|Any CPU
		{746FADF2-D613-4FFD-8551-2181ADAE3CD1}.RunTests|x86.ActiveCfg = Release|Any CPU
		{746FADF2-D613-4FFD-8551-2181ADAE3CD1}.Trace|Any CPU.ActiveCfg = Trace|Any CPU
		{746FADF2-D613-4FFD-8551-2181ADAE3CD1}.Trace|Any CPU.Build.0 = Trace|Any CPU
		{746FADF2-D613-4FFD-8551-2181ADAE3CD1}.Trace|Mixed Platforms.ActiveCfg = Trace|Any CPU
		{746FADF2-D613-4FFD-8551-2181ADAE3CD1}.Trace|Mixed Platforms.Build.0 = Trace|Any CPU
		{746FADF2-D613-4FFD-8551-2181ADAE3CD1}.Trace|x86.ActiveCfg = Trace|Any CPU
		{C017FBBE-EF10-4030-A69E-204E766C8F9D}.Debug|Any CPU.ActiveCfg = Debug|Any CPU
		{C017FBBE-EF10-4030-A69E-204E766C8F9D}.Debug|Any CPU.Build.0 = Debug|Any CPU
		{C017FBBE-EF10-4030-A69E-204E766C8F9D}.Debug|Mixed Platforms.ActiveCfg = Debug|Any CPU
		{C017FBBE-EF10-4030-A69E-204E766C8F9D}.Debug|Mixed Platforms.Build.0 = Debug|Any CPU
		{C017FBBE-EF10-4030-A69E-204E766C8F9D}.Debug|x86.ActiveCfg = Debug|Any CPU
		{C017FBBE-EF10-4030-A69E-204E766C8F9D}.Release|Any CPU.ActiveCfg = Release|Any CPU
		{C017FBBE-EF10-4030-A69E-204E766C8F9D}.Release|Any CPU.Build.0 = Release|Any CPU
		{C017FBBE-EF10-4030-A69E-204E766C8F9D}.Release|Mixed Platforms.ActiveCfg = Release|Any CPU
		{C017FBBE-EF10-4030-A69E-204E766C8F9D}.Release|Mixed Platforms.Build.0 = Release|Any CPU
		{C017FBBE-EF10-4030-A69E-204E766C8F9D}.Release|x86.ActiveCfg = Release|Any CPU
		{C017FBBE-EF10-4030-A69E-204E766C8F9D}.RunTests|Any CPU.ActiveCfg = Release|Any CPU
		{C017FBBE-EF10-4030-A69E-204E766C8F9D}.RunTests|Any CPU.Build.0 = Release|Any CPU
		{C017FBBE-EF10-4030-A69E-204E766C8F9D}.RunTests|Mixed Platforms.ActiveCfg = Release|Any CPU
		{C017FBBE-EF10-4030-A69E-204E766C8F9D}.RunTests|Mixed Platforms.Build.0 = Release|Any CPU
		{C017FBBE-EF10-4030-A69E-204E766C8F9D}.RunTests|x86.ActiveCfg = Release|Any CPU
		{C017FBBE-EF10-4030-A69E-204E766C8F9D}.Trace|Any CPU.ActiveCfg = Trace|Any CPU
		{C017FBBE-EF10-4030-A69E-204E766C8F9D}.Trace|Any CPU.Build.0 = Trace|Any CPU
		{C017FBBE-EF10-4030-A69E-204E766C8F9D}.Trace|Mixed Platforms.ActiveCfg = Trace|Any CPU
		{C017FBBE-EF10-4030-A69E-204E766C8F9D}.Trace|Mixed Platforms.Build.0 = Trace|Any CPU
		{C017FBBE-EF10-4030-A69E-204E766C8F9D}.Trace|x86.ActiveCfg = Trace|Any CPU
		{9B217880-48AE-43B6-AE1F-DC732FCCBC7A}.Debug|Any CPU.ActiveCfg = Debug|Any CPU
		{9B217880-48AE-43B6-AE1F-DC732FCCBC7A}.Debug|Any CPU.Build.0 = Debug|Any CPU
		{9B217880-48AE-43B6-AE1F-DC732FCCBC7A}.Debug|Mixed Platforms.ActiveCfg = Debug|Any CPU
		{9B217880-48AE-43B6-AE1F-DC732FCCBC7A}.Debug|Mixed Platforms.Build.0 = Debug|Any CPU
		{9B217880-48AE-43B6-AE1F-DC732FCCBC7A}.Debug|x86.ActiveCfg = Debug|Any CPU
		{9B217880-48AE-43B6-AE1F-DC732FCCBC7A}.Release|Any CPU.ActiveCfg = Release|Any CPU
		{9B217880-48AE-43B6-AE1F-DC732FCCBC7A}.Release|Any CPU.Build.0 = Release|Any CPU
		{9B217880-48AE-43B6-AE1F-DC732FCCBC7A}.Release|Mixed Platforms.ActiveCfg = Release|Any CPU
		{9B217880-48AE-43B6-AE1F-DC732FCCBC7A}.Release|Mixed Platforms.Build.0 = Release|Any CPU
		{9B217880-48AE-43B6-AE1F-DC732FCCBC7A}.Release|x86.ActiveCfg = Release|Any CPU
		{9B217880-48AE-43B6-AE1F-DC732FCCBC7A}.RunTests|Any CPU.ActiveCfg = Release|Any CPU
		{9B217880-48AE-43B6-AE1F-DC732FCCBC7A}.RunTests|Any CPU.Build.0 = Release|Any CPU
		{9B217880-48AE-43B6-AE1F-DC732FCCBC7A}.RunTests|Mixed Platforms.ActiveCfg = Release|Any CPU
		{9B217880-48AE-43B6-AE1F-DC732FCCBC7A}.RunTests|Mixed Platforms.Build.0 = Release|Any CPU
		{9B217880-48AE-43B6-AE1F-DC732FCCBC7A}.RunTests|x86.ActiveCfg = Release|Any CPU
		{9B217880-48AE-43B6-AE1F-DC732FCCBC7A}.Trace|Any CPU.ActiveCfg = Trace|Any CPU
		{9B217880-48AE-43B6-AE1F-DC732FCCBC7A}.Trace|Any CPU.Build.0 = Trace|Any CPU
		{9B217880-48AE-43B6-AE1F-DC732FCCBC7A}.Trace|Mixed Platforms.ActiveCfg = Trace|Any CPU
		{9B217880-48AE-43B6-AE1F-DC732FCCBC7A}.Trace|Mixed Platforms.Build.0 = Trace|Any CPU
		{9B217880-48AE-43B6-AE1F-DC732FCCBC7A}.Trace|x86.ActiveCfg = Trace|Any CPU
		{9A93C7E4-09DA-46CF-B7DD-6BB09681D5AB}.Debug|Any CPU.ActiveCfg = Debug|Any CPU
		{9A93C7E4-09DA-46CF-B7DD-6BB09681D5AB}.Debug|Any CPU.Build.0 = Debug|Any CPU
		{9A93C7E4-09DA-46CF-B7DD-6BB09681D5AB}.Debug|Mixed Platforms.ActiveCfg = Debug|Any CPU
		{9A93C7E4-09DA-46CF-B7DD-6BB09681D5AB}.Debug|Mixed Platforms.Build.0 = Debug|Any CPU
		{9A93C7E4-09DA-46CF-B7DD-6BB09681D5AB}.Debug|x86.ActiveCfg = Debug|Any CPU
		{9A93C7E4-09DA-46CF-B7DD-6BB09681D5AB}.Release|Any CPU.ActiveCfg = Release|Any CPU
		{9A93C7E4-09DA-46CF-B7DD-6BB09681D5AB}.Release|Any CPU.Build.0 = Release|Any CPU
		{9A93C7E4-09DA-46CF-B7DD-6BB09681D5AB}.Release|Mixed Platforms.ActiveCfg = Release|Any CPU
		{9A93C7E4-09DA-46CF-B7DD-6BB09681D5AB}.Release|Mixed Platforms.Build.0 = Release|Any CPU
		{9A93C7E4-09DA-46CF-B7DD-6BB09681D5AB}.Release|x86.ActiveCfg = Release|Any CPU
		{9A93C7E4-09DA-46CF-B7DD-6BB09681D5AB}.RunTests|Any CPU.ActiveCfg = Release|Any CPU
		{9A93C7E4-09DA-46CF-B7DD-6BB09681D5AB}.RunTests|Any CPU.Build.0 = Release|Any CPU
		{9A93C7E4-09DA-46CF-B7DD-6BB09681D5AB}.RunTests|Mixed Platforms.ActiveCfg = Release|Any CPU
		{9A93C7E4-09DA-46CF-B7DD-6BB09681D5AB}.RunTests|Mixed Platforms.Build.0 = Release|Any CPU
		{9A93C7E4-09DA-46CF-B7DD-6BB09681D5AB}.RunTests|x86.ActiveCfg = Release|Any CPU
		{9A93C7E4-09DA-46CF-B7DD-6BB09681D5AB}.Trace|Any CPU.ActiveCfg = Trace|Any CPU
		{9A93C7E4-09DA-46CF-B7DD-6BB09681D5AB}.Trace|Any CPU.Build.0 = Trace|Any CPU
		{9A93C7E4-09DA-46CF-B7DD-6BB09681D5AB}.Trace|Mixed Platforms.ActiveCfg = Trace|Any CPU
		{9A93C7E4-09DA-46CF-B7DD-6BB09681D5AB}.Trace|Mixed Platforms.Build.0 = Trace|Any CPU
		{9A93C7E4-09DA-46CF-B7DD-6BB09681D5AB}.Trace|x86.ActiveCfg = Trace|Any CPU
		{84686E6D-3496-4934-A021-79FA6B7E7420}.Debug|Any CPU.ActiveCfg = Debug|Any CPU
		{84686E6D-3496-4934-A021-79FA6B7E7420}.Debug|Any CPU.Build.0 = Debug|Any CPU
		{84686E6D-3496-4934-A021-79FA6B7E7420}.Debug|Mixed Platforms.ActiveCfg = Debug|Any CPU
		{84686E6D-3496-4934-A021-79FA6B7E7420}.Debug|Mixed Platforms.Build.0 = Debug|Any CPU
		{84686E6D-3496-4934-A021-79FA6B7E7420}.Debug|x86.ActiveCfg = Debug|Any CPU
		{84686E6D-3496-4934-A021-79FA6B7E7420}.Release|Any CPU.ActiveCfg = Release|Any CPU
		{84686E6D-3496-4934-A021-79FA6B7E7420}.Release|Any CPU.Build.0 = Release|Any CPU
		{84686E6D-3496-4934-A021-79FA6B7E7420}.Release|Mixed Platforms.ActiveCfg = Release|Any CPU
		{84686E6D-3496-4934-A021-79FA6B7E7420}.Release|Mixed Platforms.Build.0 = Release|Any CPU
		{84686E6D-3496-4934-A021-79FA6B7E7420}.Release|x86.ActiveCfg = Release|Any CPU
		{84686E6D-3496-4934-A021-79FA6B7E7420}.RunTests|Any CPU.ActiveCfg = Release|Any CPU
		{84686E6D-3496-4934-A021-79FA6B7E7420}.RunTests|Any CPU.Build.0 = Release|Any CPU
		{84686E6D-3496-4934-A021-79FA6B7E7420}.RunTests|Mixed Platforms.ActiveCfg = Release|Any CPU
		{84686E6D-3496-4934-A021-79FA6B7E7420}.RunTests|Mixed Platforms.Build.0 = Release|Any CPU
		{84686E6D-3496-4934-A021-79FA6B7E7420}.RunTests|x86.ActiveCfg = Release|Any CPU
		{84686E6D-3496-4934-A021-79FA6B7E7420}.Trace|Any CPU.ActiveCfg = Release|Any CPU
		{84686E6D-3496-4934-A021-79FA6B7E7420}.Trace|Any CPU.Build.0 = Release|Any CPU
		{84686E6D-3496-4934-A021-79FA6B7E7420}.Trace|Mixed Platforms.ActiveCfg = Release|Any CPU
		{84686E6D-3496-4934-A021-79FA6B7E7420}.Trace|Mixed Platforms.Build.0 = Release|Any CPU
		{84686E6D-3496-4934-A021-79FA6B7E7420}.Trace|x86.ActiveCfg = Release|Any CPU
		{1ED2F70F-882E-4E15-8604-AFA2E00F3A17}.Debug|Any CPU.ActiveCfg = Debug|Any CPU
		{1ED2F70F-882E-4E15-8604-AFA2E00F3A17}.Debug|Any CPU.Build.0 = Debug|Any CPU
		{1ED2F70F-882E-4E15-8604-AFA2E00F3A17}.Debug|Mixed Platforms.ActiveCfg = Debug|Any CPU
		{1ED2F70F-882E-4E15-8604-AFA2E00F3A17}.Debug|Mixed Platforms.Build.0 = Debug|Any CPU
		{1ED2F70F-882E-4E15-8604-AFA2E00F3A17}.Debug|x86.ActiveCfg = Debug|Any CPU
		{1ED2F70F-882E-4E15-8604-AFA2E00F3A17}.Release|Any CPU.ActiveCfg = Release|Any CPU
		{1ED2F70F-882E-4E15-8604-AFA2E00F3A17}.Release|Any CPU.Build.0 = Release|Any CPU
		{1ED2F70F-882E-4E15-8604-AFA2E00F3A17}.Release|Mixed Platforms.ActiveCfg = Release|Any CPU
		{1ED2F70F-882E-4E15-8604-AFA2E00F3A17}.Release|Mixed Platforms.Build.0 = Release|Any CPU
		{1ED2F70F-882E-4E15-8604-AFA2E00F3A17}.Release|x86.ActiveCfg = Release|Any CPU
		{1ED2F70F-882E-4E15-8604-AFA2E00F3A17}.RunTests|Any CPU.ActiveCfg = Release|Any CPU
		{1ED2F70F-882E-4E15-8604-AFA2E00F3A17}.RunTests|Any CPU.Build.0 = Release|Any CPU
		{1ED2F70F-882E-4E15-8604-AFA2E00F3A17}.RunTests|Mixed Platforms.ActiveCfg = Release|Any CPU
		{1ED2F70F-882E-4E15-8604-AFA2E00F3A17}.RunTests|Mixed Platforms.Build.0 = Release|Any CPU
		{1ED2F70F-882E-4E15-8604-AFA2E00F3A17}.RunTests|x86.ActiveCfg = Release|Any CPU
		{1ED2F70F-882E-4E15-8604-AFA2E00F3A17}.Trace|Any CPU.ActiveCfg = Release|Any CPU
		{1ED2F70F-882E-4E15-8604-AFA2E00F3A17}.Trace|Any CPU.Build.0 = Release|Any CPU
		{1ED2F70F-882E-4E15-8604-AFA2E00F3A17}.Trace|Mixed Platforms.ActiveCfg = Release|Any CPU
		{1ED2F70F-882E-4E15-8604-AFA2E00F3A17}.Trace|Mixed Platforms.Build.0 = Release|Any CPU
		{1ED2F70F-882E-4E15-8604-AFA2E00F3A17}.Trace|x86.ActiveCfg = Release|Any CPU
		{BE842BA8-54EF-4EF6-943D-667B2AA7D731}.Debug|Any CPU.ActiveCfg = Debug|Any CPU
		{BE842BA8-54EF-4EF6-943D-667B2AA7D731}.Debug|Any CPU.Build.0 = Debug|Any CPU
		{BE842BA8-54EF-4EF6-943D-667B2AA7D731}.Debug|Mixed Platforms.ActiveCfg = Debug|Any CPU
		{BE842BA8-54EF-4EF6-943D-667B2AA7D731}.Debug|Mixed Platforms.Build.0 = Debug|Any CPU
		{BE842BA8-54EF-4EF6-943D-667B2AA7D731}.Debug|x86.ActiveCfg = Debug|Any CPU
		{BE842BA8-54EF-4EF6-943D-667B2AA7D731}.Release|Any CPU.ActiveCfg = Release|Any CPU
		{BE842BA8-54EF-4EF6-943D-667B2AA7D731}.Release|Any CPU.Build.0 = Release|Any CPU
		{BE842BA8-54EF-4EF6-943D-667B2AA7D731}.Release|Mixed Platforms.ActiveCfg = Release|Any CPU
		{BE842BA8-54EF-4EF6-943D-667B2AA7D731}.Release|Mixed Platforms.Build.0 = Release|Any CPU
		{BE842BA8-54EF-4EF6-943D-667B2AA7D731}.Release|x86.ActiveCfg = Release|Any CPU
		{BE842BA8-54EF-4EF6-943D-667B2AA7D731}.RunTests|Any CPU.ActiveCfg = Release|Any CPU
		{BE842BA8-54EF-4EF6-943D-667B2AA7D731}.RunTests|Any CPU.Build.0 = Release|Any CPU
		{BE842BA8-54EF-4EF6-943D-667B2AA7D731}.RunTests|Mixed Platforms.ActiveCfg = Release|Any CPU
		{BE842BA8-54EF-4EF6-943D-667B2AA7D731}.RunTests|Mixed Platforms.Build.0 = Release|Any CPU
		{BE842BA8-54EF-4EF6-943D-667B2AA7D731}.RunTests|x86.ActiveCfg = Release|Any CPU
		{BE842BA8-54EF-4EF6-943D-667B2AA7D731}.Trace|Any CPU.ActiveCfg = Release|Any CPU
		{BE842BA8-54EF-4EF6-943D-667B2AA7D731}.Trace|Any CPU.Build.0 = Release|Any CPU
		{BE842BA8-54EF-4EF6-943D-667B2AA7D731}.Trace|Mixed Platforms.ActiveCfg = Release|Any CPU
		{BE842BA8-54EF-4EF6-943D-667B2AA7D731}.Trace|Mixed Platforms.Build.0 = Release|Any CPU
		{BE842BA8-54EF-4EF6-943D-667B2AA7D731}.Trace|x86.ActiveCfg = Release|Any CPU
		{3DF178F4-4F8E-493B-BD93-75B4C6E4660B}.Debug|Any CPU.ActiveCfg = Debug|Any CPU
		{3DF178F4-4F8E-493B-BD93-75B4C6E4660B}.Debug|Any CPU.Build.0 = Debug|Any CPU
		{3DF178F4-4F8E-493B-BD93-75B4C6E4660B}.Debug|Mixed Platforms.ActiveCfg = Debug|Any CPU
		{3DF178F4-4F8E-493B-BD93-75B4C6E4660B}.Debug|Mixed Platforms.Build.0 = Debug|Any CPU
		{3DF178F4-4F8E-493B-BD93-75B4C6E4660B}.Debug|x86.ActiveCfg = Debug|Any CPU
		{3DF178F4-4F8E-493B-BD93-75B4C6E4660B}.Release|Any CPU.ActiveCfg = Release|Any CPU
		{3DF178F4-4F8E-493B-BD93-75B4C6E4660B}.Release|Any CPU.Build.0 = Release|Any CPU
		{3DF178F4-4F8E-493B-BD93-75B4C6E4660B}.Release|Mixed Platforms.ActiveCfg = Release|Any CPU
		{3DF178F4-4F8E-493B-BD93-75B4C6E4660B}.Release|Mixed Platforms.Build.0 = Release|Any CPU
		{3DF178F4-4F8E-493B-BD93-75B4C6E4660B}.Release|x86.ActiveCfg = Release|Any CPU
		{3DF178F4-4F8E-493B-BD93-75B4C6E4660B}.RunTests|Any CPU.ActiveCfg = Release|Any CPU
		{3DF178F4-4F8E-493B-BD93-75B4C6E4660B}.RunTests|Any CPU.Build.0 = Release|Any CPU
		{3DF178F4-4F8E-493B-BD93-75B4C6E4660B}.RunTests|Mixed Platforms.ActiveCfg = Release|Any CPU
		{3DF178F4-4F8E-493B-BD93-75B4C6E4660B}.RunTests|Mixed Platforms.Build.0 = Release|Any CPU
		{3DF178F4-4F8E-493B-BD93-75B4C6E4660B}.RunTests|x86.ActiveCfg = Release|Any CPU
		{3DF178F4-4F8E-493B-BD93-75B4C6E4660B}.Trace|Any CPU.ActiveCfg = Release|Any CPU
		{3DF178F4-4F8E-493B-BD93-75B4C6E4660B}.Trace|Any CPU.Build.0 = Release|Any CPU
		{3DF178F4-4F8E-493B-BD93-75B4C6E4660B}.Trace|Mixed Platforms.ActiveCfg = Release|Any CPU
		{3DF178F4-4F8E-493B-BD93-75B4C6E4660B}.Trace|Mixed Platforms.Build.0 = Release|Any CPU
		{3DF178F4-4F8E-493B-BD93-75B4C6E4660B}.Trace|x86.ActiveCfg = Release|Any CPU
		{D302E160-F421-4DD6-BAAE-304891DDEFA2}.Debug|Any CPU.ActiveCfg = Debug|Any CPU
		{D302E160-F421-4DD6-BAAE-304891DDEFA2}.Debug|Any CPU.Build.0 = Debug|Any CPU
		{D302E160-F421-4DD6-BAAE-304891DDEFA2}.Debug|Mixed Platforms.ActiveCfg = Debug|Any CPU
		{D302E160-F421-4DD6-BAAE-304891DDEFA2}.Debug|Mixed Platforms.Build.0 = Debug|Any CPU
		{D302E160-F421-4DD6-BAAE-304891DDEFA2}.Debug|x86.ActiveCfg = Debug|Any CPU
		{D302E160-F421-4DD6-BAAE-304891DDEFA2}.Release|Any CPU.ActiveCfg = Release|Any CPU
		{D302E160-F421-4DD6-BAAE-304891DDEFA2}.Release|Any CPU.Build.0 = Release|Any CPU
		{D302E160-F421-4DD6-BAAE-304891DDEFA2}.Release|Mixed Platforms.ActiveCfg = Release|Any CPU
		{D302E160-F421-4DD6-BAAE-304891DDEFA2}.Release|Mixed Platforms.Build.0 = Release|Any CPU
		{D302E160-F421-4DD6-BAAE-304891DDEFA2}.Release|x86.ActiveCfg = Release|Any CPU
		{D302E160-F421-4DD6-BAAE-304891DDEFA2}.RunTests|Any CPU.ActiveCfg = Release|Any CPU
		{D302E160-F421-4DD6-BAAE-304891DDEFA2}.RunTests|Any CPU.Build.0 = Release|Any CPU
		{D302E160-F421-4DD6-BAAE-304891DDEFA2}.RunTests|Mixed Platforms.ActiveCfg = Release|Any CPU
		{D302E160-F421-4DD6-BAAE-304891DDEFA2}.RunTests|Mixed Platforms.Build.0 = Release|Any CPU
		{D302E160-F421-4DD6-BAAE-304891DDEFA2}.RunTests|x86.ActiveCfg = Release|Any CPU
		{D302E160-F421-4DD6-BAAE-304891DDEFA2}.Trace|Any CPU.ActiveCfg = Release|Any CPU
		{D302E160-F421-4DD6-BAAE-304891DDEFA2}.Trace|Any CPU.Build.0 = Release|Any CPU
		{D302E160-F421-4DD6-BAAE-304891DDEFA2}.Trace|Mixed Platforms.ActiveCfg = Release|Any CPU
		{D302E160-F421-4DD6-BAAE-304891DDEFA2}.Trace|Mixed Platforms.Build.0 = Release|Any CPU
		{D302E160-F421-4DD6-BAAE-304891DDEFA2}.Trace|x86.ActiveCfg = Release|Any CPU
		{0DFDB697-8C09-48ED-A561-C6610799E4D7}.Debug|Any CPU.ActiveCfg = Debug|Any CPU
		{0DFDB697-8C09-48ED-A561-C6610799E4D7}.Debug|Any CPU.Build.0 = Debug|Any CPU
		{0DFDB697-8C09-48ED-A561-C6610799E4D7}.Debug|Mixed Platforms.ActiveCfg = Debug|Any CPU
		{0DFDB697-8C09-48ED-A561-C6610799E4D7}.Debug|Mixed Platforms.Build.0 = Debug|Any CPU
		{0DFDB697-8C09-48ED-A561-C6610799E4D7}.Debug|x86.ActiveCfg = Debug|Any CPU
		{0DFDB697-8C09-48ED-A561-C6610799E4D7}.Release|Any CPU.ActiveCfg = Release|Any CPU
		{0DFDB697-8C09-48ED-A561-C6610799E4D7}.Release|Any CPU.Build.0 = Release|Any CPU
		{0DFDB697-8C09-48ED-A561-C6610799E4D7}.Release|Mixed Platforms.ActiveCfg = Release|Any CPU
		{0DFDB697-8C09-48ED-A561-C6610799E4D7}.Release|Mixed Platforms.Build.0 = Release|Any CPU
		{0DFDB697-8C09-48ED-A561-C6610799E4D7}.Release|x86.ActiveCfg = Release|Any CPU
		{0DFDB697-8C09-48ED-A561-C6610799E4D7}.RunTests|Any CPU.ActiveCfg = Release|Any CPU
		{0DFDB697-8C09-48ED-A561-C6610799E4D7}.RunTests|Any CPU.Build.0 = Release|Any CPU
		{0DFDB697-8C09-48ED-A561-C6610799E4D7}.RunTests|Mixed Platforms.ActiveCfg = Release|Any CPU
		{0DFDB697-8C09-48ED-A561-C6610799E4D7}.RunTests|Mixed Platforms.Build.0 = Release|Any CPU
		{0DFDB697-8C09-48ED-A561-C6610799E4D7}.RunTests|x86.ActiveCfg = Release|Any CPU
		{0DFDB697-8C09-48ED-A561-C6610799E4D7}.Trace|Any CPU.ActiveCfg = Release|Any CPU
		{0DFDB697-8C09-48ED-A561-C6610799E4D7}.Trace|Any CPU.Build.0 = Release|Any CPU
		{0DFDB697-8C09-48ED-A561-C6610799E4D7}.Trace|Mixed Platforms.ActiveCfg = Release|Any CPU
		{0DFDB697-8C09-48ED-A561-C6610799E4D7}.Trace|Mixed Platforms.Build.0 = Release|Any CPU
		{0DFDB697-8C09-48ED-A561-C6610799E4D7}.Trace|x86.ActiveCfg = Release|Any CPU
		{BAB4159F-2DCB-4D18-9F67-B3FA1D449920}.Debug|Any CPU.ActiveCfg = Debug|Any CPU
		{BAB4159F-2DCB-4D18-9F67-B3FA1D449920}.Debug|Any CPU.Build.0 = Debug|Any CPU
		{BAB4159F-2DCB-4D18-9F67-B3FA1D449920}.Debug|Mixed Platforms.ActiveCfg = Debug|Any CPU
		{BAB4159F-2DCB-4D18-9F67-B3FA1D449920}.Debug|Mixed Platforms.Build.0 = Debug|Any CPU
		{BAB4159F-2DCB-4D18-9F67-B3FA1D449920}.Debug|x86.ActiveCfg = Debug|Any CPU
		{BAB4159F-2DCB-4D18-9F67-B3FA1D449920}.Release|Any CPU.ActiveCfg = Release|Any CPU
		{BAB4159F-2DCB-4D18-9F67-B3FA1D449920}.Release|Any CPU.Build.0 = Release|Any CPU
		{BAB4159F-2DCB-4D18-9F67-B3FA1D449920}.Release|Mixed Platforms.ActiveCfg = Release|Any CPU
		{BAB4159F-2DCB-4D18-9F67-B3FA1D449920}.Release|Mixed Platforms.Build.0 = Release|Any CPU
		{BAB4159F-2DCB-4D18-9F67-B3FA1D449920}.Release|x86.ActiveCfg = Release|Any CPU
		{BAB4159F-2DCB-4D18-9F67-B3FA1D449920}.RunTests|Any CPU.ActiveCfg = Release|Any CPU
		{BAB4159F-2DCB-4D18-9F67-B3FA1D449920}.RunTests|Any CPU.Build.0 = Release|Any CPU
		{BAB4159F-2DCB-4D18-9F67-B3FA1D449920}.RunTests|Mixed Platforms.ActiveCfg = Release|Any CPU
		{BAB4159F-2DCB-4D18-9F67-B3FA1D449920}.RunTests|Mixed Platforms.Build.0 = Release|Any CPU
		{BAB4159F-2DCB-4D18-9F67-B3FA1D449920}.RunTests|x86.ActiveCfg = Release|Any CPU
		{BAB4159F-2DCB-4D18-9F67-B3FA1D449920}.Trace|Any CPU.ActiveCfg = Release|Any CPU
		{BAB4159F-2DCB-4D18-9F67-B3FA1D449920}.Trace|Any CPU.Build.0 = Release|Any CPU
		{BAB4159F-2DCB-4D18-9F67-B3FA1D449920}.Trace|Mixed Platforms.ActiveCfg = Release|Any CPU
		{BAB4159F-2DCB-4D18-9F67-B3FA1D449920}.Trace|Mixed Platforms.Build.0 = Release|Any CPU
		{BAB4159F-2DCB-4D18-9F67-B3FA1D449920}.Trace|x86.ActiveCfg = Release|Any CPU
		{F4181553-01F3-425A-8DDC-927A97DE6DE2}.Debug|Any CPU.ActiveCfg = Debug|Any CPU
		{F4181553-01F3-425A-8DDC-927A97DE6DE2}.Debug|Any CPU.Build.0 = Debug|Any CPU
		{F4181553-01F3-425A-8DDC-927A97DE6DE2}.Debug|Mixed Platforms.ActiveCfg = Debug|Any CPU
		{F4181553-01F3-425A-8DDC-927A97DE6DE2}.Debug|Mixed Platforms.Build.0 = Debug|Any CPU
		{F4181553-01F3-425A-8DDC-927A97DE6DE2}.Debug|x86.ActiveCfg = Debug|Any CPU
		{F4181553-01F3-425A-8DDC-927A97DE6DE2}.Release|Any CPU.ActiveCfg = Release|Any CPU
		{F4181553-01F3-425A-8DDC-927A97DE6DE2}.Release|Any CPU.Build.0 = Release|Any CPU
		{F4181553-01F3-425A-8DDC-927A97DE6DE2}.Release|Mixed Platforms.ActiveCfg = Release|Any CPU
		{F4181553-01F3-425A-8DDC-927A97DE6DE2}.Release|Mixed Platforms.Build.0 = Release|Any CPU
		{F4181553-01F3-425A-8DDC-927A97DE6DE2}.Release|x86.ActiveCfg = Release|Any CPU
		{F4181553-01F3-425A-8DDC-927A97DE6DE2}.RunTests|Any CPU.ActiveCfg = Release|Any CPU
		{F4181553-01F3-425A-8DDC-927A97DE6DE2}.RunTests|Any CPU.Build.0 = Release|Any CPU
		{F4181553-01F3-425A-8DDC-927A97DE6DE2}.RunTests|Mixed Platforms.ActiveCfg = Release|Any CPU
		{F4181553-01F3-425A-8DDC-927A97DE6DE2}.RunTests|Mixed Platforms.Build.0 = Release|Any CPU
		{F4181553-01F3-425A-8DDC-927A97DE6DE2}.RunTests|x86.ActiveCfg = Release|Any CPU
		{F4181553-01F3-425A-8DDC-927A97DE6DE2}.Trace|Any CPU.ActiveCfg = Release|Any CPU
		{F4181553-01F3-425A-8DDC-927A97DE6DE2}.Trace|Any CPU.Build.0 = Release|Any CPU
		{F4181553-01F3-425A-8DDC-927A97DE6DE2}.Trace|Mixed Platforms.ActiveCfg = Release|Any CPU
		{F4181553-01F3-425A-8DDC-927A97DE6DE2}.Trace|Mixed Platforms.Build.0 = Release|Any CPU
		{F4181553-01F3-425A-8DDC-927A97DE6DE2}.Trace|x86.ActiveCfg = Release|Any CPU
		{83BC2E9E-F96C-44B0-B735-4C048F3F2530}.Debug|Any CPU.ActiveCfg = Debug|Any CPU
		{83BC2E9E-F96C-44B0-B735-4C048F3F2530}.Debug|Any CPU.Build.0 = Debug|Any CPU
		{83BC2E9E-F96C-44B0-B735-4C048F3F2530}.Debug|Mixed Platforms.ActiveCfg = Debug|Any CPU
		{83BC2E9E-F96C-44B0-B735-4C048F3F2530}.Debug|Mixed Platforms.Build.0 = Debug|Any CPU
		{83BC2E9E-F96C-44B0-B735-4C048F3F2530}.Debug|x86.ActiveCfg = Debug|Any CPU
		{83BC2E9E-F96C-44B0-B735-4C048F3F2530}.Release|Any CPU.ActiveCfg = Release|Any CPU
		{83BC2E9E-F96C-44B0-B735-4C048F3F2530}.Release|Any CPU.Build.0 = Release|Any CPU
		{83BC2E9E-F96C-44B0-B735-4C048F3F2530}.Release|Mixed Platforms.ActiveCfg = Release|Any CPU
		{83BC2E9E-F96C-44B0-B735-4C048F3F2530}.Release|Mixed Platforms.Build.0 = Release|Any CPU
		{83BC2E9E-F96C-44B0-B735-4C048F3F2530}.Release|x86.ActiveCfg = Release|Any CPU
		{83BC2E9E-F96C-44B0-B735-4C048F3F2530}.RunTests|Any CPU.ActiveCfg = Release|Any CPU
		{83BC2E9E-F96C-44B0-B735-4C048F3F2530}.RunTests|Any CPU.Build.0 = Release|Any CPU
		{83BC2E9E-F96C-44B0-B735-4C048F3F2530}.RunTests|Mixed Platforms.ActiveCfg = Release|Any CPU
		{83BC2E9E-F96C-44B0-B735-4C048F3F2530}.RunTests|Mixed Platforms.Build.0 = Release|Any CPU
		{83BC2E9E-F96C-44B0-B735-4C048F3F2530}.RunTests|x86.ActiveCfg = Release|Any CPU
		{83BC2E9E-F96C-44B0-B735-4C048F3F2530}.Trace|Any CPU.ActiveCfg = Release|Any CPU
		{83BC2E9E-F96C-44B0-B735-4C048F3F2530}.Trace|Any CPU.Build.0 = Release|Any CPU
		{83BC2E9E-F96C-44B0-B735-4C048F3F2530}.Trace|Mixed Platforms.ActiveCfg = Release|Any CPU
		{83BC2E9E-F96C-44B0-B735-4C048F3F2530}.Trace|Mixed Platforms.Build.0 = Release|Any CPU
		{83BC2E9E-F96C-44B0-B735-4C048F3F2530}.Trace|x86.ActiveCfg = Release|Any CPU
		{F379F844-CC84-42A8-881C-2724BE8EA952}.Debug|Any CPU.ActiveCfg = Debug|Any CPU
		{F379F844-CC84-42A8-881C-2724BE8EA952}.Debug|Any CPU.Build.0 = Debug|Any CPU
		{F379F844-CC84-42A8-881C-2724BE8EA952}.Debug|Mixed Platforms.ActiveCfg = Debug|Any CPU
		{F379F844-CC84-42A8-881C-2724BE8EA952}.Debug|Mixed Platforms.Build.0 = Debug|Any CPU
		{F379F844-CC84-42A8-881C-2724BE8EA952}.Debug|x86.ActiveCfg = Debug|Any CPU
		{F379F844-CC84-42A8-881C-2724BE8EA952}.Release|Any CPU.ActiveCfg = Release|Any CPU
		{F379F844-CC84-42A8-881C-2724BE8EA952}.Release|Any CPU.Build.0 = Release|Any CPU
		{F379F844-CC84-42A8-881C-2724BE8EA952}.Release|Mixed Platforms.ActiveCfg = Release|Any CPU
		{F379F844-CC84-42A8-881C-2724BE8EA952}.Release|Mixed Platforms.Build.0 = Release|Any CPU
		{F379F844-CC84-42A8-881C-2724BE8EA952}.Release|x86.ActiveCfg = Release|Any CPU
		{F379F844-CC84-42A8-881C-2724BE8EA952}.RunTests|Any CPU.ActiveCfg = Release|Any CPU
		{F379F844-CC84-42A8-881C-2724BE8EA952}.RunTests|Any CPU.Build.0 = Release|Any CPU
		{F379F844-CC84-42A8-881C-2724BE8EA952}.RunTests|Mixed Platforms.ActiveCfg = Release|Any CPU
		{F379F844-CC84-42A8-881C-2724BE8EA952}.RunTests|Mixed Platforms.Build.0 = Release|Any CPU
		{F379F844-CC84-42A8-881C-2724BE8EA952}.RunTests|x86.ActiveCfg = Release|Any CPU
		{F379F844-CC84-42A8-881C-2724BE8EA952}.Trace|Any CPU.ActiveCfg = Release|Any CPU
		{F379F844-CC84-42A8-881C-2724BE8EA952}.Trace|Any CPU.Build.0 = Release|Any CPU
		{F379F844-CC84-42A8-881C-2724BE8EA952}.Trace|Mixed Platforms.ActiveCfg = Release|Any CPU
		{F379F844-CC84-42A8-881C-2724BE8EA952}.Trace|Mixed Platforms.Build.0 = Release|Any CPU
		{F379F844-CC84-42A8-881C-2724BE8EA952}.Trace|x86.ActiveCfg = Release|Any CPU
		{B03B6268-3264-4E2B-BDD3-0252909C11CE}.Debug|Any CPU.ActiveCfg = Debug|Any CPU
		{B03B6268-3264-4E2B-BDD3-0252909C11CE}.Debug|Any CPU.Build.0 = Debug|Any CPU
		{B03B6268-3264-4E2B-BDD3-0252909C11CE}.Debug|Mixed Platforms.ActiveCfg = Debug|Any CPU
		{B03B6268-3264-4E2B-BDD3-0252909C11CE}.Debug|Mixed Platforms.Build.0 = Debug|Any CPU
		{B03B6268-3264-4E2B-BDD3-0252909C11CE}.Debug|x86.ActiveCfg = Debug|Any CPU
		{B03B6268-3264-4E2B-BDD3-0252909C11CE}.Release|Any CPU.ActiveCfg = Release|Any CPU
		{B03B6268-3264-4E2B-BDD3-0252909C11CE}.Release|Any CPU.Build.0 = Release|Any CPU
		{B03B6268-3264-4E2B-BDD3-0252909C11CE}.Release|Mixed Platforms.ActiveCfg = Release|Any CPU
		{B03B6268-3264-4E2B-BDD3-0252909C11CE}.Release|Mixed Platforms.Build.0 = Release|Any CPU
		{B03B6268-3264-4E2B-BDD3-0252909C11CE}.Release|x86.ActiveCfg = Release|Any CPU
		{B03B6268-3264-4E2B-BDD3-0252909C11CE}.RunTests|Any CPU.ActiveCfg = Release|Any CPU
		{B03B6268-3264-4E2B-BDD3-0252909C11CE}.RunTests|Any CPU.Build.0 = Release|Any CPU
		{B03B6268-3264-4E2B-BDD3-0252909C11CE}.RunTests|Mixed Platforms.ActiveCfg = Release|Any CPU
		{B03B6268-3264-4E2B-BDD3-0252909C11CE}.RunTests|Mixed Platforms.Build.0 = Release|Any CPU
		{B03B6268-3264-4E2B-BDD3-0252909C11CE}.RunTests|x86.ActiveCfg = Release|Any CPU
		{B03B6268-3264-4E2B-BDD3-0252909C11CE}.Trace|Any CPU.ActiveCfg = Release|Any CPU
		{B03B6268-3264-4E2B-BDD3-0252909C11CE}.Trace|Any CPU.Build.0 = Release|Any CPU
		{B03B6268-3264-4E2B-BDD3-0252909C11CE}.Trace|Mixed Platforms.ActiveCfg = Release|Any CPU
		{B03B6268-3264-4E2B-BDD3-0252909C11CE}.Trace|Mixed Platforms.Build.0 = Release|Any CPU
		{B03B6268-3264-4E2B-BDD3-0252909C11CE}.Trace|x86.ActiveCfg = Release|Any CPU
		{8BB6F228-A24E-43DE-B039-CC8B4E65FF50}.Debug|Any CPU.ActiveCfg = Debug|Any CPU
		{8BB6F228-A24E-43DE-B039-CC8B4E65FF50}.Debug|Any CPU.Build.0 = Debug|Any CPU
		{8BB6F228-A24E-43DE-B039-CC8B4E65FF50}.Debug|Mixed Platforms.ActiveCfg = Debug|Any CPU
		{8BB6F228-A24E-43DE-B039-CC8B4E65FF50}.Debug|Mixed Platforms.Build.0 = Debug|Any CPU
		{8BB6F228-A24E-43DE-B039-CC8B4E65FF50}.Debug|x86.ActiveCfg = Debug|Any CPU
		{8BB6F228-A24E-43DE-B039-CC8B4E65FF50}.Release|Any CPU.ActiveCfg = Release|Any CPU
		{8BB6F228-A24E-43DE-B039-CC8B4E65FF50}.Release|Any CPU.Build.0 = Release|Any CPU
		{8BB6F228-A24E-43DE-B039-CC8B4E65FF50}.Release|Mixed Platforms.ActiveCfg = Release|Any CPU
		{8BB6F228-A24E-43DE-B039-CC8B4E65FF50}.Release|Mixed Platforms.Build.0 = Release|Any CPU
		{8BB6F228-A24E-43DE-B039-CC8B4E65FF50}.Release|x86.ActiveCfg = Release|Any CPU
		{8BB6F228-A24E-43DE-B039-CC8B4E65FF50}.RunTests|Any CPU.ActiveCfg = Release|Any CPU
		{8BB6F228-A24E-43DE-B039-CC8B4E65FF50}.RunTests|Any CPU.Build.0 = Release|Any CPU
		{8BB6F228-A24E-43DE-B039-CC8B4E65FF50}.RunTests|Mixed Platforms.ActiveCfg = Release|Any CPU
		{8BB6F228-A24E-43DE-B039-CC8B4E65FF50}.RunTests|Mixed Platforms.Build.0 = Release|Any CPU
		{8BB6F228-A24E-43DE-B039-CC8B4E65FF50}.RunTests|x86.ActiveCfg = Release|Any CPU
		{8BB6F228-A24E-43DE-B039-CC8B4E65FF50}.Trace|Any CPU.ActiveCfg = Release|Any CPU
		{8BB6F228-A24E-43DE-B039-CC8B4E65FF50}.Trace|Any CPU.Build.0 = Release|Any CPU
		{8BB6F228-A24E-43DE-B039-CC8B4E65FF50}.Trace|Mixed Platforms.ActiveCfg = Release|Any CPU
		{8BB6F228-A24E-43DE-B039-CC8B4E65FF50}.Trace|Mixed Platforms.Build.0 = Release|Any CPU
		{8BB6F228-A24E-43DE-B039-CC8B4E65FF50}.Trace|x86.ActiveCfg = Release|Any CPU
		{FD27EF3A-4EBE-4867-A603-3E7048DCF459}.Debug|Any CPU.ActiveCfg = Debug|Any CPU
		{FD27EF3A-4EBE-4867-A603-3E7048DCF459}.Debug|Any CPU.Build.0 = Debug|Any CPU
		{FD27EF3A-4EBE-4867-A603-3E7048DCF459}.Debug|Mixed Platforms.ActiveCfg = Debug|Any CPU
		{FD27EF3A-4EBE-4867-A603-3E7048DCF459}.Debug|Mixed Platforms.Build.0 = Debug|Any CPU
		{FD27EF3A-4EBE-4867-A603-3E7048DCF459}.Debug|x86.ActiveCfg = Debug|Any CPU
		{FD27EF3A-4EBE-4867-A603-3E7048DCF459}.Release|Any CPU.ActiveCfg = Release|Any CPU
		{FD27EF3A-4EBE-4867-A603-3E7048DCF459}.Release|Any CPU.Build.0 = Release|Any CPU
		{FD27EF3A-4EBE-4867-A603-3E7048DCF459}.Release|Mixed Platforms.ActiveCfg = Release|Any CPU
		{FD27EF3A-4EBE-4867-A603-3E7048DCF459}.Release|Mixed Platforms.Build.0 = Release|Any CPU
		{FD27EF3A-4EBE-4867-A603-3E7048DCF459}.Release|x86.ActiveCfg = Release|Any CPU
		{FD27EF3A-4EBE-4867-A603-3E7048DCF459}.RunTests|Any CPU.ActiveCfg = Release|Any CPU
		{FD27EF3A-4EBE-4867-A603-3E7048DCF459}.RunTests|Any CPU.Build.0 = Release|Any CPU
		{FD27EF3A-4EBE-4867-A603-3E7048DCF459}.RunTests|Mixed Platforms.ActiveCfg = Release|Any CPU
		{FD27EF3A-4EBE-4867-A603-3E7048DCF459}.RunTests|Mixed Platforms.Build.0 = Release|Any CPU
		{FD27EF3A-4EBE-4867-A603-3E7048DCF459}.RunTests|x86.ActiveCfg = Release|Any CPU
		{FD27EF3A-4EBE-4867-A603-3E7048DCF459}.Trace|Any CPU.ActiveCfg = Release|Any CPU
		{FD27EF3A-4EBE-4867-A603-3E7048DCF459}.Trace|Any CPU.Build.0 = Release|Any CPU
		{FD27EF3A-4EBE-4867-A603-3E7048DCF459}.Trace|Mixed Platforms.ActiveCfg = Release|Any CPU
		{FD27EF3A-4EBE-4867-A603-3E7048DCF459}.Trace|Mixed Platforms.Build.0 = Release|Any CPU
		{FD27EF3A-4EBE-4867-A603-3E7048DCF459}.Trace|x86.ActiveCfg = Release|Any CPU
		{C2263270-905B-4D00-9446-21C8D9890DDC}.Debug|Any CPU.ActiveCfg = Debug|Any CPU
		{C2263270-905B-4D00-9446-21C8D9890DDC}.Debug|Any CPU.Build.0 = Debug|Any CPU
		{C2263270-905B-4D00-9446-21C8D9890DDC}.Debug|Mixed Platforms.ActiveCfg = Debug|Any CPU
		{C2263270-905B-4D00-9446-21C8D9890DDC}.Debug|Mixed Platforms.Build.0 = Debug|Any CPU
		{C2263270-905B-4D00-9446-21C8D9890DDC}.Debug|x86.ActiveCfg = Debug|Any CPU
		{C2263270-905B-4D00-9446-21C8D9890DDC}.Release|Any CPU.ActiveCfg = Release|Any CPU
		{C2263270-905B-4D00-9446-21C8D9890DDC}.Release|Any CPU.Build.0 = Release|Any CPU
		{C2263270-905B-4D00-9446-21C8D9890DDC}.Release|Mixed Platforms.ActiveCfg = Release|Any CPU
		{C2263270-905B-4D00-9446-21C8D9890DDC}.Release|Mixed Platforms.Build.0 = Release|Any CPU
		{C2263270-905B-4D00-9446-21C8D9890DDC}.Release|x86.ActiveCfg = Release|Any CPU
		{C2263270-905B-4D00-9446-21C8D9890DDC}.RunTests|Any CPU.ActiveCfg = Release|Any CPU
		{C2263270-905B-4D00-9446-21C8D9890DDC}.RunTests|Any CPU.Build.0 = Release|Any CPU
		{C2263270-905B-4D00-9446-21C8D9890DDC}.RunTests|Mixed Platforms.ActiveCfg = Release|Any CPU
		{C2263270-905B-4D00-9446-21C8D9890DDC}.RunTests|Mixed Platforms.Build.0 = Release|Any CPU
		{C2263270-905B-4D00-9446-21C8D9890DDC}.RunTests|x86.ActiveCfg = Release|Any CPU
		{C2263270-905B-4D00-9446-21C8D9890DDC}.Trace|Any CPU.ActiveCfg = Release|Any CPU
		{C2263270-905B-4D00-9446-21C8D9890DDC}.Trace|Any CPU.Build.0 = Release|Any CPU
		{C2263270-905B-4D00-9446-21C8D9890DDC}.Trace|Mixed Platforms.ActiveCfg = Release|Any CPU
		{C2263270-905B-4D00-9446-21C8D9890DDC}.Trace|Mixed Platforms.Build.0 = Release|Any CPU
		{C2263270-905B-4D00-9446-21C8D9890DDC}.Trace|x86.ActiveCfg = Release|Any CPU
	EndGlobalSection
	GlobalSection(SolutionProperties) = preSolution
		HideSolutionNode = FALSE
	EndGlobalSection
	GlobalSection(NestedProjects) = preSolution
		{827779A5-F05C-41C6-9FF9-FD274224A7AE} = {38DD7C09-AE2E-48DD-A6A9-535AB51D3644}
		{9A30EBF3-B702-47D9-AAFC-E3E02B410DAD} = {38DD7C09-AE2E-48DD-A6A9-535AB51D3644}
		{550E4F4E-704E-48EB-8392-C1EB229348CF} = {38DD7C09-AE2E-48DD-A6A9-535AB51D3644}
		{288AF89E-B41A-4253-A8F7-43D1371516E9} = {38DD7C09-AE2E-48DD-A6A9-535AB51D3644}
		{295B7BF1-1130-4098-B0FC-00555DDB09DD} = {38DD7C09-AE2E-48DD-A6A9-535AB51D3644}
		{6552E4E6-198A-46B6-864A-53CA5C1ED851} = {38DD7C09-AE2E-48DD-A6A9-535AB51D3644}
		{BA3187FA-A2A1-43E0-9FDD-69B377EE3152} = {38DD7C09-AE2E-48DD-A6A9-535AB51D3644}
		{3BE28D69-CFB4-4C9D-8874-7CF8F520DFB0} = {38DD7C09-AE2E-48DD-A6A9-535AB51D3644}
		{3AD1738D-5D2E-4517-A2B0-3C94155E69DF} = {38DD7C09-AE2E-48DD-A6A9-535AB51D3644}
		{4056A286-E040-450F-BAD8-DE8E6B9B57B8} = {38DD7C09-AE2E-48DD-A6A9-535AB51D3644}
		{DC02A203-30F2-4613-950B-1529FD55AC81} = {38DD7C09-AE2E-48DD-A6A9-535AB51D3644}
		{F783ECD3-0F79-43CC-ABD0-D356A64049C4} = {38DD7C09-AE2E-48DD-A6A9-535AB51D3644}
		{F4181553-01F3-425A-8DDC-927A97DE6DE2} = {38DD7C09-AE2E-48DD-A6A9-535AB51D3644}
		{FD27EF3A-4EBE-4867-A603-3E7048DCF459} = {38DD7C09-AE2E-48DD-A6A9-535AB51D3644}
		{C2263270-905B-4D00-9446-21C8D9890DDC} = {38DD7C09-AE2E-48DD-A6A9-535AB51D3644}
		{B4C3D929-6A7E-4A71-B896-D2C1C36C4554} = {5890F9C7-2DFC-479A-AD6E-6FD1D7DBAC02}
		{F379F844-CC84-42A8-881C-2724BE8EA952} = {5890F9C7-2DFC-479A-AD6E-6FD1D7DBAC02}
		{32300C4A-932A-4E50-8CDE-EF31550CD739} = {62C51087-397E-4594-A604-762D348BA89D}
		{37463C84-1A96-4A1A-BD02-2A131D11B9EA} = {62C51087-397E-4594-A604-762D348BA89D}
		{D302E160-F421-4DD6-BAAE-304891DDEFA2} = {62C51087-397E-4594-A604-762D348BA89D}
		{0DFDB697-8C09-48ED-A561-C6610799E4D7} = {62C51087-397E-4594-A604-762D348BA89D}
		{BAB4159F-2DCB-4D18-9F67-B3FA1D449920} = {62C51087-397E-4594-A604-762D348BA89D}
		{83BC2E9E-F96C-44B0-B735-4C048F3F2530} = {62C51087-397E-4594-A604-762D348BA89D}
		{8BB6F228-A24E-43DE-B039-CC8B4E65FF50} = {62C51087-397E-4594-A604-762D348BA89D}
		{746FADF2-D613-4FFD-8551-2181ADAE3CD1} = {9DB982F3-0D6D-46BB-808C-54FB523796B9}
		{C017FBBE-EF10-4030-A69E-204E766C8F9D} = {9DB982F3-0D6D-46BB-808C-54FB523796B9}
		{9B217880-48AE-43B6-AE1F-DC732FCCBC7A} = {9DB982F3-0D6D-46BB-808C-54FB523796B9}
		{9A93C7E4-09DA-46CF-B7DD-6BB09681D5AB} = {9DB982F3-0D6D-46BB-808C-54FB523796B9}
		{B03B6268-3264-4E2B-BDD3-0252909C11CE} = {9DB982F3-0D6D-46BB-808C-54FB523796B9}
		{1ED2F70F-882E-4E15-8604-AFA2E00F3A17} = {9BF348CD-610E-4B89-AD3C-87BA35115E90}
		{BE842BA8-54EF-4EF6-943D-667B2AA7D731} = {9BF348CD-610E-4B89-AD3C-87BA35115E90}
		{3DF178F4-4F8E-493B-BD93-75B4C6E4660B} = {9BF348CD-610E-4B89-AD3C-87BA35115E90}
		{84686E6D-3496-4934-A021-79FA6B7E7420} = {9BF348CD-610E-4B89-AD3C-87BA35115E90}
	EndGlobalSection
	GlobalSection(ExtensibilityGlobals) = postSolution
		SolutionGuid = d38aaf0d-8be1-4b81-a305-6434120ed494
	EndGlobalSection
EndGlobal
