
Microsoft Visual Studio Solution File, Format Version 11.00
# Visual Studio 2010
Project("{FAE04EC0-301F-11D3-BF4B-00C04F79EFBC}") = "CSPspEmu.Core", "CSPspEmu.Core\CSPspEmu.Core.csproj", "{F783ECD3-0F79-43CC-ABD0-D356A64049C4}"
EndProject
Project("{FAE04EC0-301F-11D3-BF4B-00C04F79EFBC}") = "CSPspEmu.Core.Cpu", "CSPspEmu.Core.Cpu\CSPspEmu.Core.Cpu.csproj", "{827779A5-F05C-41C6-9FF9-FD274224A7AE}"
EndProject
Project("{FAE04EC0-301F-11D3-BF4B-00C04F79EFBC}") = "CSPspEmu.Core.Gpu", "CSPspEmu.Core.Gpu\CSPspEmu.Core.Gpu.csproj", "{9A30EBF3-B702-47D9-AAFC-E3E02B410DAD}"
EndProject
Project("{FAE04EC0-301F-11D3-BF4B-00C04F79EFBC}") = "CSPspEmu.Core.Gpu.Impl.Opengl", "CSPspEmu.Core.Gpu.Impl.Opengl\CSPspEmu.Core.Gpu.Impl.Opengl.csproj", "{72F560E3-9101-426B-B3E5-B83B78E536DB}"
EndProject
Project("{FAE04EC0-301F-11D3-BF4B-00C04F79EFBC}") = "CSPspEmu.Gui.Winforms", "CSPspEmu.Gui.Winforms\CSPspEmu.Gui.Winforms.csproj", "{550E4F4E-704E-48EB-8392-C1EB229348CF}"
EndProject
Project("{FAE04EC0-301F-11D3-BF4B-00C04F79EFBC}") = "CSPspEmu.Hle", "CSPspEmu.Hle\CSPspEmu.Hle.csproj", "{288AF89E-B41A-4253-A8F7-43D1371516E9}"
EndProject
Project("{FAE04EC0-301F-11D3-BF4B-00C04F79EFBC}") = "CSPspEmu.Hle.Modules", "CSPspEmu.Hle.Modules\CSPspEmu.Hle.Modules.csproj", "{295B7BF1-1130-4098-B0FC-00555DDB09DD}"
EndProject
Project("{FAE04EC0-301F-11D3-BF4B-00C04F79EFBC}") = "CSPspEmu.Runner", "CSPspEmu.Runner\CSPspEmu.Runner.csproj", "{6552E4E6-198A-46B6-864A-53CA5C1ED851}"
EndProject
Project("{FAE04EC0-301F-11D3-BF4B-00C04F79EFBC}") = "CSPspEmu", "CSPspEmu\CSPspEmu.csproj", "{B4C3D929-6A7E-4A71-B896-D2C1C36C4554}"
EndProject
Project("{FAE04EC0-301F-11D3-BF4B-00C04F79EFBC}") = "CSPspEmu.Tests", "CSPspEmu.Tests\CSPspEmu.Tests.csproj", "{37463C84-1A96-4A1A-BD02-2A131D11B9EA}"
EndProject
Project("{FAE04EC0-301F-11D3-BF4B-00C04F79EFBC}") = "CSPspEmu.Core.Audio.Impl.Openal", "CSPspEmu.Core.Audio.Impl.Openal\CSPspEmu.Core.Audio.Impl.Openal.csproj", "{07C4AE15-8E61-4740-B5A9-44DB87CECB46}"
EndProject
Project("{FAE04EC0-301F-11D3-BF4B-00C04F79EFBC}") = "SafeILGenerator", "SafeILGenerator\SafeILGenerator\SafeILGenerator.csproj", "{9A93C7E4-09DA-46CF-B7DD-6BB09681D5AB}"
EndProject
Project("{FAE04EC0-301F-11D3-BF4B-00C04F79EFBC}") = "CSPspEmu.Resources", "CSPspEmu.Resources\CSPspEmu.Resources.csproj", "{BA3187FA-A2A1-43E0-9FDD-69B377EE3152}"
EndProject
Project("{FAE04EC0-301F-11D3-BF4B-00C04F79EFBC}") = "CSPspEmu.Core.Audio.Impl.WaveOut", "CSPspEmu.Core.Audio.Impl.WaveOut\CSPspEmu.Core.Audio.Impl.WaveOut.csproj", "{B23C9D87-D587-4599-A94B-0168D3AA382A}"
EndProject
Project("{FAE04EC0-301F-11D3-BF4B-00C04F79EFBC}") = "CSPspEmu.Core.Audio", "CSPspEmu.Core.Audio\CSPspEmu.Core.Audio.csproj", "{3BE28D69-CFB4-4C9D-8874-7CF8F520DFB0}"
EndProject
Project("{FAE04EC0-301F-11D3-BF4B-00C04F79EFBC}") = "CSPspEmu.Media", "CSPspEmu.Media\CSPspEmu.Media.csproj", "{3AD1738D-5D2E-4517-A2B0-3C94155E69DF}"
EndProject
Project("{FAE04EC0-301F-11D3-BF4B-00C04F79EFBC}") = "CSharpUtils", "csharputils\CSharpUtils\CSharpUtils\CSharpUtils.csproj", "{746FADF2-D613-4FFD-8551-2181ADAE3CD1}"
EndProject
Project("{FAE04EC0-301F-11D3-BF4B-00C04F79EFBC}") = "CSharpUtils.Drawing", "csharputils\CSharpUtils\CSharpUtils.Drawing\CSharpUtils.Drawing.csproj", "{9B217880-48AE-43B6-AE1F-DC732FCCBC7A}"
EndProject
Project("{FAE04EC0-301F-11D3-BF4B-00C04F79EFBC}") = "CSharpUtils.Ext", "csharputils\CSharpUtils\CSharpUtils.Ext\CSharpUtils.Ext.csproj", "{C017FBBE-EF10-4030-A69E-204E766C8F9D}"
EndProject
Project("{FAE04EC0-301F-11D3-BF4B-00C04F79EFBC}") = "CSPspEmu.Gui.Winforms.Controls", "CSPspEmu.Gui.Winforms.Controls\CSPspEmu.Gui.Winforms.Controls.csproj", "{4056A286-E040-450F-BAD8-DE8E6B9B57B8}"
EndProject
Project("{FAE04EC0-301F-11D3-BF4B-00C04F79EFBC}") = "CSPspEmu.Core.Audio.Impl.Null", "CSPspEmu.Core.Audio.Impl.Null\CSPspEmu.Core.Audio.Impl.Null.csproj", "{ADC15EA6-1D61-4AE9-8989-9969CA2E299B}"
EndProject
Project("{FAE04EC0-301F-11D3-BF4B-00C04F79EFBC}") = "CSPspEmu.Core.Gpu.Impl.Null", "CSPspEmu.Core.Gpu.Impl.Null\CSPspEmu.Core.Gpu.Impl.Null.csproj", "{DB1B25C7-5ADF-4190-8EA1-9C30F4021F94}"
EndProject
Project("{FAE04EC0-301F-11D3-BF4B-00C04F79EFBC}") = "CSPspEmu.Core.Gpu.Impl.Soft", "CSPspEmu.Core.Gpu.Impl.Soft\CSPspEmu.Core.Gpu.Impl.Soft.csproj", "{2D629653-A87E-4AC4-9E58-3EAA1107C456}"
EndProject
Global
	GlobalSection(SolutionConfigurationPlatforms) = preSolution
		Debug|Any CPU = Debug|Any CPU
		Debug|Mixed Platforms = Debug|Mixed Platforms
		Debug|x86 = Debug|x86
		Release|Any CPU = Release|Any CPU
		Release|Mixed Platforms = Release|Mixed Platforms
		Release|x86 = Release|x86
		RunTests|Any CPU = RunTests|Any CPU
		RunTests|Mixed Platforms = RunTests|Mixed Platforms
		RunTests|x86 = RunTests|x86
		Trace|Any CPU = Trace|Any CPU
		Trace|Mixed Platforms = Trace|Mixed Platforms
		Trace|x86 = Trace|x86
	EndGlobalSection
	GlobalSection(ProjectConfigurationPlatforms) = postSolution
		{F783ECD3-0F79-43CC-ABD0-D356A64049C4}.Debug|Any CPU.ActiveCfg = Debug|Any CPU
		{F783ECD3-0F79-43CC-ABD0-D356A64049C4}.Debug|Any CPU.Build.0 = Debug|Any CPU
		{F783ECD3-0F79-43CC-ABD0-D356A64049C4}.Debug|Mixed Platforms.ActiveCfg = Debug|Any CPU
		{F783ECD3-0F79-43CC-ABD0-D356A64049C4}.Debug|Mixed Platforms.Build.0 = Debug|Any CPU
		{F783ECD3-0F79-43CC-ABD0-D356A64049C4}.Debug|x86.ActiveCfg = Debug|Any CPU
		{F783ECD3-0F79-43CC-ABD0-D356A64049C4}.Debug|x86.Build.0 = Debug|Any CPU
		{F783ECD3-0F79-43CC-ABD0-D356A64049C4}.Release|Any CPU.ActiveCfg = Release|Any CPU
		{F783ECD3-0F79-43CC-ABD0-D356A64049C4}.Release|Any CPU.Build.0 = Release|Any CPU
		{F783ECD3-0F79-43CC-ABD0-D356A64049C4}.Release|Mixed Platforms.ActiveCfg = Release|Any CPU
		{F783ECD3-0F79-43CC-ABD0-D356A64049C4}.Release|Mixed Platforms.Build.0 = Release|Any CPU
		{F783ECD3-0F79-43CC-ABD0-D356A64049C4}.Release|x86.ActiveCfg = Release|Any CPU
		{F783ECD3-0F79-43CC-ABD0-D356A64049C4}.Release|x86.Build.0 = Release|Any CPU
		{F783ECD3-0F79-43CC-ABD0-D356A64049C4}.RunTests|Any CPU.ActiveCfg = Release|Any CPU
		{F783ECD3-0F79-43CC-ABD0-D356A64049C4}.RunTests|Any CPU.Build.0 = Release|Any CPU
		{F783ECD3-0F79-43CC-ABD0-D356A64049C4}.RunTests|Mixed Platforms.ActiveCfg = Debug|Any CPU
		{F783ECD3-0F79-43CC-ABD0-D356A64049C4}.RunTests|Mixed Platforms.Build.0 = Debug|Any CPU
		{F783ECD3-0F79-43CC-ABD0-D356A64049C4}.RunTests|x86.ActiveCfg = Release|Any CPU
		{F783ECD3-0F79-43CC-ABD0-D356A64049C4}.Trace|Any CPU.ActiveCfg = Trace|Any CPU
		{F783ECD3-0F79-43CC-ABD0-D356A64049C4}.Trace|Any CPU.Build.0 = Trace|Any CPU
		{F783ECD3-0F79-43CC-ABD0-D356A64049C4}.Trace|Mixed Platforms.ActiveCfg = Trace|Any CPU
		{F783ECD3-0F79-43CC-ABD0-D356A64049C4}.Trace|Mixed Platforms.Build.0 = Trace|Any CPU
		{F783ECD3-0F79-43CC-ABD0-D356A64049C4}.Trace|x86.ActiveCfg = Trace|Any CPU
		{F783ECD3-0F79-43CC-ABD0-D356A64049C4}.Trace|x86.Build.0 = Trace|Any CPU
		{827779A5-F05C-41C6-9FF9-FD274224A7AE}.Debug|Any CPU.ActiveCfg = Debug|Any CPU
		{827779A5-F05C-41C6-9FF9-FD274224A7AE}.Debug|Any CPU.Build.0 = Debug|Any CPU
		{827779A5-F05C-41C6-9FF9-FD274224A7AE}.Debug|Mixed Platforms.ActiveCfg = Debug|Any CPU
		{827779A5-F05C-41C6-9FF9-FD274224A7AE}.Debug|Mixed Platforms.Build.0 = Debug|Any CPU
		{827779A5-F05C-41C6-9FF9-FD274224A7AE}.Debug|x86.ActiveCfg = Debug|Any CPU
		{827779A5-F05C-41C6-9FF9-FD274224A7AE}.Debug|x86.Build.0 = Debug|Any CPU
		{827779A5-F05C-41C6-9FF9-FD274224A7AE}.Release|Any CPU.ActiveCfg = Release|Any CPU
		{827779A5-F05C-41C6-9FF9-FD274224A7AE}.Release|Any CPU.Build.0 = Release|Any CPU
		{827779A5-F05C-41C6-9FF9-FD274224A7AE}.Release|Mixed Platforms.ActiveCfg = Release|Any CPU
		{827779A5-F05C-41C6-9FF9-FD274224A7AE}.Release|Mixed Platforms.Build.0 = Release|Any CPU
		{827779A5-F05C-41C6-9FF9-FD274224A7AE}.Release|x86.ActiveCfg = Release|Any CPU
		{827779A5-F05C-41C6-9FF9-FD274224A7AE}.Release|x86.Build.0 = Release|Any CPU
		{827779A5-F05C-41C6-9FF9-FD274224A7AE}.RunTests|Any CPU.ActiveCfg = Release|Any CPU
		{827779A5-F05C-41C6-9FF9-FD274224A7AE}.RunTests|Any CPU.Build.0 = Release|Any CPU
		{827779A5-F05C-41C6-9FF9-FD274224A7AE}.RunTests|Mixed Platforms.ActiveCfg = Debug|Any CPU
		{827779A5-F05C-41C6-9FF9-FD274224A7AE}.RunTests|Mixed Platforms.Build.0 = Debug|Any CPU
		{827779A5-F05C-41C6-9FF9-FD274224A7AE}.RunTests|x86.ActiveCfg = Release|Any CPU
		{827779A5-F05C-41C6-9FF9-FD274224A7AE}.Trace|Any CPU.ActiveCfg = Trace|Any CPU
		{827779A5-F05C-41C6-9FF9-FD274224A7AE}.Trace|Any CPU.Build.0 = Trace|Any CPU
		{827779A5-F05C-41C6-9FF9-FD274224A7AE}.Trace|Mixed Platforms.ActiveCfg = Trace|Any CPU
		{827779A5-F05C-41C6-9FF9-FD274224A7AE}.Trace|Mixed Platforms.Build.0 = Trace|Any CPU
		{827779A5-F05C-41C6-9FF9-FD274224A7AE}.Trace|x86.ActiveCfg = Trace|Any CPU
		{827779A5-F05C-41C6-9FF9-FD274224A7AE}.Trace|x86.Build.0 = Trace|Any CPU
		{9A30EBF3-B702-47D9-AAFC-E3E02B410DAD}.Debug|Any CPU.ActiveCfg = Debug|Any CPU
		{9A30EBF3-B702-47D9-AAFC-E3E02B410DAD}.Debug|Any CPU.Build.0 = Debug|Any CPU
		{9A30EBF3-B702-47D9-AAFC-E3E02B410DAD}.Debug|Mixed Platforms.ActiveCfg = Debug|Any CPU
		{9A30EBF3-B702-47D9-AAFC-E3E02B410DAD}.Debug|Mixed Platforms.Build.0 = Debug|Any CPU
		{9A30EBF3-B702-47D9-AAFC-E3E02B410DAD}.Debug|x86.ActiveCfg = Debug|Any CPU
		{9A30EBF3-B702-47D9-AAFC-E3E02B410DAD}.Debug|x86.Build.0 = Debug|Any CPU
		{9A30EBF3-B702-47D9-AAFC-E3E02B410DAD}.Release|Any CPU.ActiveCfg = Release|Any CPU
		{9A30EBF3-B702-47D9-AAFC-E3E02B410DAD}.Release|Any CPU.Build.0 = Release|Any CPU
		{9A30EBF3-B702-47D9-AAFC-E3E02B410DAD}.Release|Mixed Platforms.ActiveCfg = Release|Any CPU
		{9A30EBF3-B702-47D9-AAFC-E3E02B410DAD}.Release|Mixed Platforms.Build.0 = Release|Any CPU
		{9A30EBF3-B702-47D9-AAFC-E3E02B410DAD}.Release|x86.ActiveCfg = Release|Any CPU
		{9A30EBF3-B702-47D9-AAFC-E3E02B410DAD}.Release|x86.Build.0 = Release|Any CPU
		{9A30EBF3-B702-47D9-AAFC-E3E02B410DAD}.RunTests|Any CPU.ActiveCfg = Release|Any CPU
		{9A30EBF3-B702-47D9-AAFC-E3E02B410DAD}.RunTests|Any CPU.Build.0 = Release|Any CPU
		{9A30EBF3-B702-47D9-AAFC-E3E02B410DAD}.RunTests|Mixed Platforms.ActiveCfg = Debug|Any CPU
		{9A30EBF3-B702-47D9-AAFC-E3E02B410DAD}.RunTests|Mixed Platforms.Build.0 = Debug|Any CPU
		{9A30EBF3-B702-47D9-AAFC-E3E02B410DAD}.RunTests|x86.ActiveCfg = Release|Any CPU
		{9A30EBF3-B702-47D9-AAFC-E3E02B410DAD}.Trace|Any CPU.ActiveCfg = Trace|Any CPU
		{9A30EBF3-B702-47D9-AAFC-E3E02B410DAD}.Trace|Any CPU.Build.0 = Trace|Any CPU
		{9A30EBF3-B702-47D9-AAFC-E3E02B410DAD}.Trace|Mixed Platforms.ActiveCfg = Trace|Any CPU
		{9A30EBF3-B702-47D9-AAFC-E3E02B410DAD}.Trace|Mixed Platforms.Build.0 = Trace|Any CPU
		{9A30EBF3-B702-47D9-AAFC-E3E02B410DAD}.Trace|x86.ActiveCfg = Trace|Any CPU
		{9A30EBF3-B702-47D9-AAFC-E3E02B410DAD}.Trace|x86.Build.0 = Trace|Any CPU
		{72F560E3-9101-426B-B3E5-B83B78E536DB}.Debug|Any CPU.ActiveCfg = Debug|Any CPU
		{72F560E3-9101-426B-B3E5-B83B78E536DB}.Debug|Any CPU.Build.0 = Debug|Any CPU
		{72F560E3-9101-426B-B3E5-B83B78E536DB}.Debug|Mixed Platforms.ActiveCfg = Debug|Any CPU
		{72F560E3-9101-426B-B3E5-B83B78E536DB}.Debug|Mixed Platforms.Build.0 = Debug|Any CPU
		{72F560E3-9101-426B-B3E5-B83B78E536DB}.Debug|x86.ActiveCfg = Debug|Any CPU
		{72F560E3-9101-426B-B3E5-B83B78E536DB}.Debug|x86.Build.0 = Debug|Any CPU
		{72F560E3-9101-426B-B3E5-B83B78E536DB}.Release|Any CPU.ActiveCfg = Release|Any CPU
		{72F560E3-9101-426B-B3E5-B83B78E536DB}.Release|Any CPU.Build.0 = Release|Any CPU
		{72F560E3-9101-426B-B3E5-B83B78E536DB}.Release|Mixed Platforms.ActiveCfg = Release|Any CPU
		{72F560E3-9101-426B-B3E5-B83B78E536DB}.Release|Mixed Platforms.Build.0 = Release|Any CPU
		{72F560E3-9101-426B-B3E5-B83B78E536DB}.Release|x86.ActiveCfg = Release|Any CPU
		{72F560E3-9101-426B-B3E5-B83B78E536DB}.Release|x86.Build.0 = Release|Any CPU
		{72F560E3-9101-426B-B3E5-B83B78E536DB}.RunTests|Any CPU.ActiveCfg = Release|Any CPU
		{72F560E3-9101-426B-B3E5-B83B78E536DB}.RunTests|Any CPU.Build.0 = Release|Any CPU
		{72F560E3-9101-426B-B3E5-B83B78E536DB}.RunTests|Mixed Platforms.ActiveCfg = Debug|Any CPU
		{72F560E3-9101-426B-B3E5-B83B78E536DB}.RunTests|Mixed Platforms.Build.0 = Debug|Any CPU
		{72F560E3-9101-426B-B3E5-B83B78E536DB}.RunTests|x86.ActiveCfg = Release|Any CPU
		{72F560E3-9101-426B-B3E5-B83B78E536DB}.Trace|Any CPU.ActiveCfg = Trace|Any CPU
		{72F560E3-9101-426B-B3E5-B83B78E536DB}.Trace|Any CPU.Build.0 = Trace|Any CPU
		{72F560E3-9101-426B-B3E5-B83B78E536DB}.Trace|Mixed Platforms.ActiveCfg = Trace|Any CPU
		{72F560E3-9101-426B-B3E5-B83B78E536DB}.Trace|Mixed Platforms.Build.0 = Trace|Any CPU
		{72F560E3-9101-426B-B3E5-B83B78E536DB}.Trace|x86.ActiveCfg = Trace|Any CPU
		{72F560E3-9101-426B-B3E5-B83B78E536DB}.Trace|x86.Build.0 = Trace|Any CPU
		{550E4F4E-704E-48EB-8392-C1EB229348CF}.Debug|Any CPU.ActiveCfg = Debug|Any CPU
		{550E4F4E-704E-48EB-8392-C1EB229348CF}.Debug|Any CPU.Build.0 = Debug|Any CPU
		{550E4F4E-704E-48EB-8392-C1EB229348CF}.Debug|Mixed Platforms.ActiveCfg = Debug|Any CPU
		{550E4F4E-704E-48EB-8392-C1EB229348CF}.Debug|Mixed Platforms.Build.0 = Debug|Any CPU
		{550E4F4E-704E-48EB-8392-C1EB229348CF}.Debug|x86.ActiveCfg = Debug|Any CPU
		{550E4F4E-704E-48EB-8392-C1EB229348CF}.Debug|x86.Build.0 = Debug|Any CPU
		{550E4F4E-704E-48EB-8392-C1EB229348CF}.Release|Any CPU.ActiveCfg = Release|Any CPU
		{550E4F4E-704E-48EB-8392-C1EB229348CF}.Release|Any CPU.Build.0 = Release|Any CPU
		{550E4F4E-704E-48EB-8392-C1EB229348CF}.Release|Mixed Platforms.ActiveCfg = Release|Any CPU
		{550E4F4E-704E-48EB-8392-C1EB229348CF}.Release|Mixed Platforms.Build.0 = Release|Any CPU
		{550E4F4E-704E-48EB-8392-C1EB229348CF}.Release|x86.ActiveCfg = Release|Any CPU
		{550E4F4E-704E-48EB-8392-C1EB229348CF}.Release|x86.Build.0 = Release|Any CPU
		{550E4F4E-704E-48EB-8392-C1EB229348CF}.RunTests|Any CPU.ActiveCfg = Release|Any CPU
		{550E4F4E-704E-48EB-8392-C1EB229348CF}.RunTests|Any CPU.Build.0 = Release|Any CPU
		{550E4F4E-704E-48EB-8392-C1EB229348CF}.RunTests|Mixed Platforms.ActiveCfg = Debug|Any CPU
		{550E4F4E-704E-48EB-8392-C1EB229348CF}.RunTests|Mixed Platforms.Build.0 = Debug|Any CPU
		{550E4F4E-704E-48EB-8392-C1EB229348CF}.RunTests|x86.ActiveCfg = Release|Any CPU
		{550E4F4E-704E-48EB-8392-C1EB229348CF}.Trace|Any CPU.ActiveCfg = Trace|Any CPU
		{550E4F4E-704E-48EB-8392-C1EB229348CF}.Trace|Any CPU.Build.0 = Trace|Any CPU
		{550E4F4E-704E-48EB-8392-C1EB229348CF}.Trace|Mixed Platforms.ActiveCfg = Trace|Any CPU
		{550E4F4E-704E-48EB-8392-C1EB229348CF}.Trace|Mixed Platforms.Build.0 = Trace|Any CPU
		{550E4F4E-704E-48EB-8392-C1EB229348CF}.Trace|x86.ActiveCfg = Trace|Any CPU
		{550E4F4E-704E-48EB-8392-C1EB229348CF}.Trace|x86.Build.0 = Trace|Any CPU
		{288AF89E-B41A-4253-A8F7-43D1371516E9}.Debug|Any CPU.ActiveCfg = Debug|Any CPU
		{288AF89E-B41A-4253-A8F7-43D1371516E9}.Debug|Any CPU.Build.0 = Debug|Any CPU
		{288AF89E-B41A-4253-A8F7-43D1371516E9}.Debug|Mixed Platforms.ActiveCfg = Debug|Any CPU
		{288AF89E-B41A-4253-A8F7-43D1371516E9}.Debug|Mixed Platforms.Build.0 = Debug|Any CPU
		{288AF89E-B41A-4253-A8F7-43D1371516E9}.Debug|x86.ActiveCfg = Debug|Any CPU
		{288AF89E-B41A-4253-A8F7-43D1371516E9}.Debug|x86.Build.0 = Debug|Any CPU
		{288AF89E-B41A-4253-A8F7-43D1371516E9}.Release|Any CPU.ActiveCfg = Release|Any CPU
		{288AF89E-B41A-4253-A8F7-43D1371516E9}.Release|Any CPU.Build.0 = Release|Any CPU
		{288AF89E-B41A-4253-A8F7-43D1371516E9}.Release|Mixed Platforms.ActiveCfg = Release|Any CPU
		{288AF89E-B41A-4253-A8F7-43D1371516E9}.Release|Mixed Platforms.Build.0 = Release|Any CPU
		{288AF89E-B41A-4253-A8F7-43D1371516E9}.Release|x86.ActiveCfg = Release|Any CPU
		{288AF89E-B41A-4253-A8F7-43D1371516E9}.Release|x86.Build.0 = Release|Any CPU
		{288AF89E-B41A-4253-A8F7-43D1371516E9}.RunTests|Any CPU.ActiveCfg = Release|Any CPU
		{288AF89E-B41A-4253-A8F7-43D1371516E9}.RunTests|Any CPU.Build.0 = Release|Any CPU
		{288AF89E-B41A-4253-A8F7-43D1371516E9}.RunTests|Mixed Platforms.ActiveCfg = Debug|Any CPU
		{288AF89E-B41A-4253-A8F7-43D1371516E9}.RunTests|Mixed Platforms.Build.0 = Debug|Any CPU
		{288AF89E-B41A-4253-A8F7-43D1371516E9}.RunTests|x86.ActiveCfg = Release|Any CPU
		{288AF89E-B41A-4253-A8F7-43D1371516E9}.Trace|Any CPU.ActiveCfg = Trace|Any CPU
		{288AF89E-B41A-4253-A8F7-43D1371516E9}.Trace|Any CPU.Build.0 = Trace|Any CPU
		{288AF89E-B41A-4253-A8F7-43D1371516E9}.Trace|Mixed Platforms.ActiveCfg = Trace|Any CPU
		{288AF89E-B41A-4253-A8F7-43D1371516E9}.Trace|Mixed Platforms.Build.0 = Trace|Any CPU
		{288AF89E-B41A-4253-A8F7-43D1371516E9}.Trace|x86.ActiveCfg = Trace|Any CPU
		{288AF89E-B41A-4253-A8F7-43D1371516E9}.Trace|x86.Build.0 = Trace|Any CPU
		{295B7BF1-1130-4098-B0FC-00555DDB09DD}.Debug|Any CPU.ActiveCfg = Debug|Any CPU
		{295B7BF1-1130-4098-B0FC-00555DDB09DD}.Debug|Any CPU.Build.0 = Debug|Any CPU
		{295B7BF1-1130-4098-B0FC-00555DDB09DD}.Debug|Mixed Platforms.ActiveCfg = Debug|Any CPU
		{295B7BF1-1130-4098-B0FC-00555DDB09DD}.Debug|Mixed Platforms.Build.0 = Debug|Any CPU
		{295B7BF1-1130-4098-B0FC-00555DDB09DD}.Debug|x86.ActiveCfg = Debug|Any CPU
		{295B7BF1-1130-4098-B0FC-00555DDB09DD}.Debug|x86.Build.0 = Debug|Any CPU
		{295B7BF1-1130-4098-B0FC-00555DDB09DD}.Release|Any CPU.ActiveCfg = Release|Any CPU
		{295B7BF1-1130-4098-B0FC-00555DDB09DD}.Release|Any CPU.Build.0 = Release|Any CPU
		{295B7BF1-1130-4098-B0FC-00555DDB09DD}.Release|Mixed Platforms.ActiveCfg = Release|Any CPU
		{295B7BF1-1130-4098-B0FC-00555DDB09DD}.Release|Mixed Platforms.Build.0 = Release|Any CPU
		{295B7BF1-1130-4098-B0FC-00555DDB09DD}.Release|x86.ActiveCfg = Release|Any CPU
		{295B7BF1-1130-4098-B0FC-00555DDB09DD}.Release|x86.Build.0 = Release|Any CPU
		{295B7BF1-1130-4098-B0FC-00555DDB09DD}.RunTests|Any CPU.ActiveCfg = Release|Any CPU
		{295B7BF1-1130-4098-B0FC-00555DDB09DD}.RunTests|Any CPU.Build.0 = Release|Any CPU
		{295B7BF1-1130-4098-B0FC-00555DDB09DD}.RunTests|Mixed Platforms.ActiveCfg = Debug|Any CPU
		{295B7BF1-1130-4098-B0FC-00555DDB09DD}.RunTests|Mixed Platforms.Build.0 = Debug|Any CPU
		{295B7BF1-1130-4098-B0FC-00555DDB09DD}.RunTests|x86.ActiveCfg = Release|Any CPU
		{295B7BF1-1130-4098-B0FC-00555DDB09DD}.Trace|Any CPU.ActiveCfg = Trace|Any CPU
		{295B7BF1-1130-4098-B0FC-00555DDB09DD}.Trace|Any CPU.Build.0 = Trace|Any CPU
		{295B7BF1-1130-4098-B0FC-00555DDB09DD}.Trace|Mixed Platforms.ActiveCfg = Trace|Any CPU
		{295B7BF1-1130-4098-B0FC-00555DDB09DD}.Trace|Mixed Platforms.Build.0 = Trace|Any CPU
		{295B7BF1-1130-4098-B0FC-00555DDB09DD}.Trace|x86.ActiveCfg = Trace|Any CPU
		{295B7BF1-1130-4098-B0FC-00555DDB09DD}.Trace|x86.Build.0 = Trace|Any CPU
		{6552E4E6-198A-46B6-864A-53CA5C1ED851}.Debug|Any CPU.ActiveCfg = Debug|Any CPU
		{6552E4E6-198A-46B6-864A-53CA5C1ED851}.Debug|Any CPU.Build.0 = Debug|Any CPU
		{6552E4E6-198A-46B6-864A-53CA5C1ED851}.Debug|Mixed Platforms.ActiveCfg = Debug|Any CPU
		{6552E4E6-198A-46B6-864A-53CA5C1ED851}.Debug|Mixed Platforms.Build.0 = Debug|Any CPU
		{6552E4E6-198A-46B6-864A-53CA5C1ED851}.Debug|x86.ActiveCfg = Debug|Any CPU
		{6552E4E6-198A-46B6-864A-53CA5C1ED851}.Debug|x86.Build.0 = Debug|Any CPU
		{6552E4E6-198A-46B6-864A-53CA5C1ED851}.Release|Any CPU.ActiveCfg = Release|Any CPU
		{6552E4E6-198A-46B6-864A-53CA5C1ED851}.Release|Any CPU.Build.0 = Release|Any CPU
		{6552E4E6-198A-46B6-864A-53CA5C1ED851}.Release|Mixed Platforms.ActiveCfg = Release|Any CPU
		{6552E4E6-198A-46B6-864A-53CA5C1ED851}.Release|Mixed Platforms.Build.0 = Release|Any CPU
		{6552E4E6-198A-46B6-864A-53CA5C1ED851}.Release|x86.ActiveCfg = Release|Any CPU
		{6552E4E6-198A-46B6-864A-53CA5C1ED851}.Release|x86.Build.0 = Release|Any CPU
		{6552E4E6-198A-46B6-864A-53CA5C1ED851}.RunTests|Any CPU.ActiveCfg = Release|Any CPU
		{6552E4E6-198A-46B6-864A-53CA5C1ED851}.RunTests|Any CPU.Build.0 = Release|Any CPU
		{6552E4E6-198A-46B6-864A-53CA5C1ED851}.RunTests|Mixed Platforms.ActiveCfg = Debug|Any CPU
		{6552E4E6-198A-46B6-864A-53CA5C1ED851}.RunTests|Mixed Platforms.Build.0 = Debug|Any CPU
		{6552E4E6-198A-46B6-864A-53CA5C1ED851}.RunTests|x86.ActiveCfg = Release|Any CPU
		{6552E4E6-198A-46B6-864A-53CA5C1ED851}.Trace|Any CPU.ActiveCfg = Trace|Any CPU
		{6552E4E6-198A-46B6-864A-53CA5C1ED851}.Trace|Any CPU.Build.0 = Trace|Any CPU
		{6552E4E6-198A-46B6-864A-53CA5C1ED851}.Trace|Mixed Platforms.ActiveCfg = Trace|Any CPU
		{6552E4E6-198A-46B6-864A-53CA5C1ED851}.Trace|Mixed Platforms.Build.0 = Trace|Any CPU
		{6552E4E6-198A-46B6-864A-53CA5C1ED851}.Trace|x86.ActiveCfg = Trace|Any CPU
		{6552E4E6-198A-46B6-864A-53CA5C1ED851}.Trace|x86.Build.0 = Trace|Any CPU
		{B4C3D929-6A7E-4A71-B896-D2C1C36C4554}.Debug|Any CPU.ActiveCfg = Debug|x86
		{B4C3D929-6A7E-4A71-B896-D2C1C36C4554}.Debug|Any CPU.Build.0 = Debug|x86
		{B4C3D929-6A7E-4A71-B896-D2C1C36C4554}.Debug|Mixed Platforms.ActiveCfg = Debug|x86
		{B4C3D929-6A7E-4A71-B896-D2C1C36C4554}.Debug|Mixed Platforms.Build.0 = Debug|x86
		{B4C3D929-6A7E-4A71-B896-D2C1C36C4554}.Debug|x86.ActiveCfg = Debug|x86
		{B4C3D929-6A7E-4A71-B896-D2C1C36C4554}.Debug|x86.Build.0 = Debug|x86
		{B4C3D929-6A7E-4A71-B896-D2C1C36C4554}.Release|Any CPU.ActiveCfg = Release|x86
		{B4C3D929-6A7E-4A71-B896-D2C1C36C4554}.Release|Any CPU.Build.0 = Release|x86
		{B4C3D929-6A7E-4A71-B896-D2C1C36C4554}.Release|Mixed Platforms.ActiveCfg = Release|x86
		{B4C3D929-6A7E-4A71-B896-D2C1C36C4554}.Release|Mixed Platforms.Build.0 = Release|x86
		{B4C3D929-6A7E-4A71-B896-D2C1C36C4554}.Release|x86.ActiveCfg = Release|x86
		{B4C3D929-6A7E-4A71-B896-D2C1C36C4554}.Release|x86.Build.0 = Release|x86
		{B4C3D929-6A7E-4A71-B896-D2C1C36C4554}.RunTests|Any CPU.ActiveCfg = RunTests|x86
		{B4C3D929-6A7E-4A71-B896-D2C1C36C4554}.RunTests|Mixed Platforms.ActiveCfg = RunTests|x86
		{B4C3D929-6A7E-4A71-B896-D2C1C36C4554}.RunTests|Mixed Platforms.Build.0 = RunTests|x86
		{B4C3D929-6A7E-4A71-B896-D2C1C36C4554}.RunTests|x86.ActiveCfg = RunTests|x86
		{B4C3D929-6A7E-4A71-B896-D2C1C36C4554}.RunTests|x86.Build.0 = RunTests|x86
		{B4C3D929-6A7E-4A71-B896-D2C1C36C4554}.Trace|Any CPU.ActiveCfg = Trace|x86
		{B4C3D929-6A7E-4A71-B896-D2C1C36C4554}.Trace|Any CPU.Build.0 = Trace|x86
		{B4C3D929-6A7E-4A71-B896-D2C1C36C4554}.Trace|Mixed Platforms.ActiveCfg = Trace|x86
		{B4C3D929-6A7E-4A71-B896-D2C1C36C4554}.Trace|Mixed Platforms.Build.0 = Trace|x86
		{B4C3D929-6A7E-4A71-B896-D2C1C36C4554}.Trace|x86.ActiveCfg = Trace|x86
		{B4C3D929-6A7E-4A71-B896-D2C1C36C4554}.Trace|x86.Build.0 = Trace|x86
		{37463C84-1A96-4A1A-BD02-2A131D11B9EA}.Debug|Any CPU.ActiveCfg = Debug|Any CPU
		{37463C84-1A96-4A1A-BD02-2A131D11B9EA}.Debug|Any CPU.Build.0 = Debug|Any CPU
		{37463C84-1A96-4A1A-BD02-2A131D11B9EA}.Debug|Mixed Platforms.ActiveCfg = Debug|Any CPU
		{37463C84-1A96-4A1A-BD02-2A131D11B9EA}.Debug|Mixed Platforms.Build.0 = Debug|Any CPU
		{37463C84-1A96-4A1A-BD02-2A131D11B9EA}.Debug|x86.ActiveCfg = Debug|Any CPU
		{37463C84-1A96-4A1A-BD02-2A131D11B9EA}.Debug|x86.Build.0 = Debug|Any CPU
		{37463C84-1A96-4A1A-BD02-2A131D11B9EA}.Release|Any CPU.ActiveCfg = Release|Any CPU
		{37463C84-1A96-4A1A-BD02-2A131D11B9EA}.Release|Any CPU.Build.0 = Release|Any CPU
		{37463C84-1A96-4A1A-BD02-2A131D11B9EA}.Release|Mixed Platforms.ActiveCfg = Release|Any CPU
		{37463C84-1A96-4A1A-BD02-2A131D11B9EA}.Release|Mixed Platforms.Build.0 = Release|Any CPU
		{37463C84-1A96-4A1A-BD02-2A131D11B9EA}.Release|x86.ActiveCfg = Release|Any CPU
		{37463C84-1A96-4A1A-BD02-2A131D11B9EA}.Release|x86.Build.0 = Release|Any CPU
		{37463C84-1A96-4A1A-BD02-2A131D11B9EA}.RunTests|Any CPU.ActiveCfg = Release|Any CPU
		{37463C84-1A96-4A1A-BD02-2A131D11B9EA}.RunTests|Any CPU.Build.0 = Release|Any CPU
		{37463C84-1A96-4A1A-BD02-2A131D11B9EA}.RunTests|Mixed Platforms.ActiveCfg = Debug|Any CPU
		{37463C84-1A96-4A1A-BD02-2A131D11B9EA}.RunTests|Mixed Platforms.Build.0 = Debug|Any CPU
		{37463C84-1A96-4A1A-BD02-2A131D11B9EA}.RunTests|x86.ActiveCfg = Release|Any CPU
		{37463C84-1A96-4A1A-BD02-2A131D11B9EA}.Trace|Any CPU.ActiveCfg = Trace|Any CPU
		{37463C84-1A96-4A1A-BD02-2A131D11B9EA}.Trace|Any CPU.Build.0 = Trace|Any CPU
		{37463C84-1A96-4A1A-BD02-2A131D11B9EA}.Trace|Mixed Platforms.ActiveCfg = Trace|Any CPU
		{37463C84-1A96-4A1A-BD02-2A131D11B9EA}.Trace|Mixed Platforms.Build.0 = Trace|Any CPU
		{37463C84-1A96-4A1A-BD02-2A131D11B9EA}.Trace|x86.ActiveCfg = Trace|Any CPU
		{37463C84-1A96-4A1A-BD02-2A131D11B9EA}.Trace|x86.Build.0 = Trace|Any CPU
		{07C4AE15-8E61-4740-B5A9-44DB87CECB46}.Debug|Any CPU.ActiveCfg = Debug|Any CPU
		{07C4AE15-8E61-4740-B5A9-44DB87CECB46}.Debug|Any CPU.Build.0 = Debug|Any CPU
		{07C4AE15-8E61-4740-B5A9-44DB87CECB46}.Debug|Mixed Platforms.ActiveCfg = Debug|Any CPU
		{07C4AE15-8E61-4740-B5A9-44DB87CECB46}.Debug|Mixed Platforms.Build.0 = Debug|Any CPU
		{07C4AE15-8E61-4740-B5A9-44DB87CECB46}.Debug|x86.ActiveCfg = Debug|Any CPU
		{07C4AE15-8E61-4740-B5A9-44DB87CECB46}.Debug|x86.Build.0 = Debug|Any CPU
		{07C4AE15-8E61-4740-B5A9-44DB87CECB46}.Release|Any CPU.ActiveCfg = Release|Any CPU
		{07C4AE15-8E61-4740-B5A9-44DB87CECB46}.Release|Any CPU.Build.0 = Release|Any CPU
		{07C4AE15-8E61-4740-B5A9-44DB87CECB46}.Release|Mixed Platforms.ActiveCfg = Release|Any CPU
		{07C4AE15-8E61-4740-B5A9-44DB87CECB46}.Release|Mixed Platforms.Build.0 = Release|Any CPU
		{07C4AE15-8E61-4740-B5A9-44DB87CECB46}.Release|x86.ActiveCfg = Release|Any CPU
		{07C4AE15-8E61-4740-B5A9-44DB87CECB46}.Release|x86.Build.0 = Release|Any CPU
		{07C4AE15-8E61-4740-B5A9-44DB87CECB46}.RunTests|Any CPU.ActiveCfg = Release|Any CPU
		{07C4AE15-8E61-4740-B5A9-44DB87CECB46}.RunTests|Any CPU.Build.0 = Release|Any CPU
		{07C4AE15-8E61-4740-B5A9-44DB87CECB46}.RunTests|Mixed Platforms.ActiveCfg = Debug|Any CPU
		{07C4AE15-8E61-4740-B5A9-44DB87CECB46}.RunTests|Mixed Platforms.Build.0 = Debug|Any CPU
		{07C4AE15-8E61-4740-B5A9-44DB87CECB46}.RunTests|x86.ActiveCfg = Release|Any CPU
		{07C4AE15-8E61-4740-B5A9-44DB87CECB46}.Trace|Any CPU.ActiveCfg = Trace|Any CPU
		{07C4AE15-8E61-4740-B5A9-44DB87CECB46}.Trace|Any CPU.Build.0 = Trace|Any CPU
		{07C4AE15-8E61-4740-B5A9-44DB87CECB46}.Trace|Mixed Platforms.ActiveCfg = Trace|Any CPU
		{07C4AE15-8E61-4740-B5A9-44DB87CECB46}.Trace|Mixed Platforms.Build.0 = Trace|Any CPU
		{07C4AE15-8E61-4740-B5A9-44DB87CECB46}.Trace|x86.ActiveCfg = Trace|Any CPU
		{07C4AE15-8E61-4740-B5A9-44DB87CECB46}.Trace|x86.Build.0 = Trace|Any CPU
		{9A93C7E4-09DA-46CF-B7DD-6BB09681D5AB}.Debug|Any CPU.ActiveCfg = Debug|Any CPU
		{9A93C7E4-09DA-46CF-B7DD-6BB09681D5AB}.Debug|Any CPU.Build.0 = Debug|Any CPU
		{9A93C7E4-09DA-46CF-B7DD-6BB09681D5AB}.Debug|Mixed Platforms.ActiveCfg = Debug|Any CPU
		{9A93C7E4-09DA-46CF-B7DD-6BB09681D5AB}.Debug|Mixed Platforms.Build.0 = Debug|Any CPU
		{9A93C7E4-09DA-46CF-B7DD-6BB09681D5AB}.Debug|x86.ActiveCfg = Debug|Any CPU
		{9A93C7E4-09DA-46CF-B7DD-6BB09681D5AB}.Debug|x86.Build.0 = Debug|Any CPU
		{9A93C7E4-09DA-46CF-B7DD-6BB09681D5AB}.Release|Any CPU.ActiveCfg = Release|Any CPU
		{9A93C7E4-09DA-46CF-B7DD-6BB09681D5AB}.Release|Any CPU.Build.0 = Release|Any CPU
		{9A93C7E4-09DA-46CF-B7DD-6BB09681D5AB}.Release|Mixed Platforms.ActiveCfg = Release|Any CPU
		{9A93C7E4-09DA-46CF-B7DD-6BB09681D5AB}.Release|Mixed Platforms.Build.0 = Release|Any CPU
		{9A93C7E4-09DA-46CF-B7DD-6BB09681D5AB}.Release|x86.ActiveCfg = Release|Any CPU
		{9A93C7E4-09DA-46CF-B7DD-6BB09681D5AB}.Release|x86.Build.0 = Release|Any CPU
		{9A93C7E4-09DA-46CF-B7DD-6BB09681D5AB}.RunTests|Any CPU.ActiveCfg = Release|Any CPU
		{9A93C7E4-09DA-46CF-B7DD-6BB09681D5AB}.RunTests|Any CPU.Build.0 = Release|Any CPU
		{9A93C7E4-09DA-46CF-B7DD-6BB09681D5AB}.RunTests|Mixed Platforms.ActiveCfg = Debug|Any CPU
		{9A93C7E4-09DA-46CF-B7DD-6BB09681D5AB}.RunTests|Mixed Platforms.Build.0 = Debug|Any CPU
		{9A93C7E4-09DA-46CF-B7DD-6BB09681D5AB}.RunTests|x86.ActiveCfg = Release|Any CPU
		{9A93C7E4-09DA-46CF-B7DD-6BB09681D5AB}.Trace|Any CPU.ActiveCfg = Trace|Any CPU
		{9A93C7E4-09DA-46CF-B7DD-6BB09681D5AB}.Trace|Any CPU.Build.0 = Trace|Any CPU
		{9A93C7E4-09DA-46CF-B7DD-6BB09681D5AB}.Trace|Mixed Platforms.ActiveCfg = Trace|Any CPU
		{9A93C7E4-09DA-46CF-B7DD-6BB09681D5AB}.Trace|Mixed Platforms.Build.0 = Trace|Any CPU
		{9A93C7E4-09DA-46CF-B7DD-6BB09681D5AB}.Trace|x86.ActiveCfg = Trace|Any CPU
		{9A93C7E4-09DA-46CF-B7DD-6BB09681D5AB}.Trace|x86.Build.0 = Trace|Any CPU
		{BA3187FA-A2A1-43E0-9FDD-69B377EE3152}.Debug|Any CPU.ActiveCfg = Debug|Any CPU
		{BA3187FA-A2A1-43E0-9FDD-69B377EE3152}.Debug|Any CPU.Build.0 = Debug|Any CPU
		{BA3187FA-A2A1-43E0-9FDD-69B377EE3152}.Debug|Mixed Platforms.ActiveCfg = Debug|Any CPU
		{BA3187FA-A2A1-43E0-9FDD-69B377EE3152}.Debug|Mixed Platforms.Build.0 = Debug|Any CPU
		{BA3187FA-A2A1-43E0-9FDD-69B377EE3152}.Debug|x86.ActiveCfg = Debug|Any CPU
		{BA3187FA-A2A1-43E0-9FDD-69B377EE3152}.Debug|x86.Build.0 = Debug|Any CPU
		{BA3187FA-A2A1-43E0-9FDD-69B377EE3152}.Release|Any CPU.ActiveCfg = Release|Any CPU
		{BA3187FA-A2A1-43E0-9FDD-69B377EE3152}.Release|Any CPU.Build.0 = Release|Any CPU
		{BA3187FA-A2A1-43E0-9FDD-69B377EE3152}.Release|Mixed Platforms.ActiveCfg = Release|Any CPU
		{BA3187FA-A2A1-43E0-9FDD-69B377EE3152}.Release|Mixed Platforms.Build.0 = Release|Any CPU
		{BA3187FA-A2A1-43E0-9FDD-69B377EE3152}.Release|x86.ActiveCfg = Release|Any CPU
		{BA3187FA-A2A1-43E0-9FDD-69B377EE3152}.Release|x86.Build.0 = Release|Any CPU
		{BA3187FA-A2A1-43E0-9FDD-69B377EE3152}.RunTests|Any CPU.ActiveCfg = Release|Any CPU
		{BA3187FA-A2A1-43E0-9FDD-69B377EE3152}.RunTests|Any CPU.Build.0 = Release|Any CPU
		{BA3187FA-A2A1-43E0-9FDD-69B377EE3152}.RunTests|Mixed Platforms.ActiveCfg = Debug|Any CPU
		{BA3187FA-A2A1-43E0-9FDD-69B377EE3152}.RunTests|Mixed Platforms.Build.0 = Debug|Any CPU
		{BA3187FA-A2A1-43E0-9FDD-69B377EE3152}.RunTests|x86.ActiveCfg = Release|Any CPU
		{BA3187FA-A2A1-43E0-9FDD-69B377EE3152}.Trace|Any CPU.ActiveCfg = Trace|Any CPU
		{BA3187FA-A2A1-43E0-9FDD-69B377EE3152}.Trace|Any CPU.Build.0 = Trace|Any CPU
		{BA3187FA-A2A1-43E0-9FDD-69B377EE3152}.Trace|Mixed Platforms.ActiveCfg = Trace|Any CPU
		{BA3187FA-A2A1-43E0-9FDD-69B377EE3152}.Trace|Mixed Platforms.Build.0 = Trace|Any CPU
		{BA3187FA-A2A1-43E0-9FDD-69B377EE3152}.Trace|x86.ActiveCfg = Trace|Any CPU
		{BA3187FA-A2A1-43E0-9FDD-69B377EE3152}.Trace|x86.Build.0 = Trace|Any CPU
		{B23C9D87-D587-4599-A94B-0168D3AA382A}.Debug|Any CPU.ActiveCfg = Debug|Any CPU
		{B23C9D87-D587-4599-A94B-0168D3AA382A}.Debug|Any CPU.Build.0 = Debug|Any CPU
		{B23C9D87-D587-4599-A94B-0168D3AA382A}.Debug|Mixed Platforms.ActiveCfg = Debug|Any CPU
		{B23C9D87-D587-4599-A94B-0168D3AA382A}.Debug|Mixed Platforms.Build.0 = Debug|Any CPU
		{B23C9D87-D587-4599-A94B-0168D3AA382A}.Debug|x86.ActiveCfg = Debug|Any CPU
		{B23C9D87-D587-4599-A94B-0168D3AA382A}.Debug|x86.Build.0 = Debug|Any CPU
		{B23C9D87-D587-4599-A94B-0168D3AA382A}.Release|Any CPU.ActiveCfg = Release|Any CPU
		{B23C9D87-D587-4599-A94B-0168D3AA382A}.Release|Any CPU.Build.0 = Release|Any CPU
		{B23C9D87-D587-4599-A94B-0168D3AA382A}.Release|Mixed Platforms.ActiveCfg = Release|Any CPU
		{B23C9D87-D587-4599-A94B-0168D3AA382A}.Release|Mixed Platforms.Build.0 = Release|Any CPU
		{B23C9D87-D587-4599-A94B-0168D3AA382A}.Release|x86.ActiveCfg = Release|Any CPU
		{B23C9D87-D587-4599-A94B-0168D3AA382A}.Release|x86.Build.0 = Release|Any CPU
		{B23C9D87-D587-4599-A94B-0168D3AA382A}.RunTests|Any CPU.ActiveCfg = Release|Any CPU
		{B23C9D87-D587-4599-A94B-0168D3AA382A}.RunTests|Any CPU.Build.0 = Release|Any CPU
		{B23C9D87-D587-4599-A94B-0168D3AA382A}.RunTests|Mixed Platforms.ActiveCfg = Debug|Any CPU
		{B23C9D87-D587-4599-A94B-0168D3AA382A}.RunTests|Mixed Platforms.Build.0 = Debug|Any CPU
		{B23C9D87-D587-4599-A94B-0168D3AA382A}.RunTests|x86.ActiveCfg = Release|Any CPU
		{B23C9D87-D587-4599-A94B-0168D3AA382A}.Trace|Any CPU.ActiveCfg = Trace|Any CPU
		{B23C9D87-D587-4599-A94B-0168D3AA382A}.Trace|Any CPU.Build.0 = Trace|Any CPU
		{B23C9D87-D587-4599-A94B-0168D3AA382A}.Trace|Mixed Platforms.ActiveCfg = Trace|Any CPU
		{B23C9D87-D587-4599-A94B-0168D3AA382A}.Trace|Mixed Platforms.Build.0 = Trace|Any CPU
		{B23C9D87-D587-4599-A94B-0168D3AA382A}.Trace|x86.ActiveCfg = Trace|Any CPU
		{B23C9D87-D587-4599-A94B-0168D3AA382A}.Trace|x86.Build.0 = Trace|Any CPU
		{3BE28D69-CFB4-4C9D-8874-7CF8F520DFB0}.Debug|Any CPU.ActiveCfg = Debug|Any CPU
		{3BE28D69-CFB4-4C9D-8874-7CF8F520DFB0}.Debug|Any CPU.Build.0 = Debug|Any CPU
		{3BE28D69-CFB4-4C9D-8874-7CF8F520DFB0}.Debug|Mixed Platforms.ActiveCfg = Debug|Any CPU
		{3BE28D69-CFB4-4C9D-8874-7CF8F520DFB0}.Debug|Mixed Platforms.Build.0 = Debug|Any CPU
		{3BE28D69-CFB4-4C9D-8874-7CF8F520DFB0}.Debug|x86.ActiveCfg = Debug|Any CPU
		{3BE28D69-CFB4-4C9D-8874-7CF8F520DFB0}.Debug|x86.Build.0 = Debug|Any CPU
		{3BE28D69-CFB4-4C9D-8874-7CF8F520DFB0}.Release|Any CPU.ActiveCfg = Release|Any CPU
		{3BE28D69-CFB4-4C9D-8874-7CF8F520DFB0}.Release|Any CPU.Build.0 = Release|Any CPU
		{3BE28D69-CFB4-4C9D-8874-7CF8F520DFB0}.Release|Mixed Platforms.ActiveCfg = Release|Any CPU
		{3BE28D69-CFB4-4C9D-8874-7CF8F520DFB0}.Release|Mixed Platforms.Build.0 = Release|Any CPU
		{3BE28D69-CFB4-4C9D-8874-7CF8F520DFB0}.Release|x86.ActiveCfg = Release|Any CPU
		{3BE28D69-CFB4-4C9D-8874-7CF8F520DFB0}.Release|x86.Build.0 = Release|Any CPU
		{3BE28D69-CFB4-4C9D-8874-7CF8F520DFB0}.RunTests|Any CPU.ActiveCfg = Release|Any CPU
		{3BE28D69-CFB4-4C9D-8874-7CF8F520DFB0}.RunTests|Any CPU.Build.0 = Release|Any CPU
		{3BE28D69-CFB4-4C9D-8874-7CF8F520DFB0}.RunTests|Mixed Platforms.ActiveCfg = Debug|Any CPU
		{3BE28D69-CFB4-4C9D-8874-7CF8F520DFB0}.RunTests|Mixed Platforms.Build.0 = Debug|Any CPU
		{3BE28D69-CFB4-4C9D-8874-7CF8F520DFB0}.RunTests|x86.ActiveCfg = Release|Any CPU
		{3BE28D69-CFB4-4C9D-8874-7CF8F520DFB0}.Trace|Any CPU.ActiveCfg = Trace|Any CPU
		{3BE28D69-CFB4-4C9D-8874-7CF8F520DFB0}.Trace|Any CPU.Build.0 = Trace|Any CPU
		{3BE28D69-CFB4-4C9D-8874-7CF8F520DFB0}.Trace|Mixed Platforms.ActiveCfg = Trace|Any CPU
		{3BE28D69-CFB4-4C9D-8874-7CF8F520DFB0}.Trace|Mixed Platforms.Build.0 = Trace|Any CPU
		{3BE28D69-CFB4-4C9D-8874-7CF8F520DFB0}.Trace|x86.ActiveCfg = Trace|Any CPU
		{3BE28D69-CFB4-4C9D-8874-7CF8F520DFB0}.Trace|x86.Build.0 = Trace|Any CPU
		{3AD1738D-5D2E-4517-A2B0-3C94155E69DF}.Debug|Any CPU.ActiveCfg = Debug|Any CPU
		{3AD1738D-5D2E-4517-A2B0-3C94155E69DF}.Debug|Any CPU.Build.0 = Debug|Any CPU
		{3AD1738D-5D2E-4517-A2B0-3C94155E69DF}.Debug|Mixed Platforms.ActiveCfg = Debug|Any CPU
		{3AD1738D-5D2E-4517-A2B0-3C94155E69DF}.Debug|Mixed Platforms.Build.0 = Debug|Any CPU
		{3AD1738D-5D2E-4517-A2B0-3C94155E69DF}.Debug|x86.ActiveCfg = Debug|Any CPU
		{3AD1738D-5D2E-4517-A2B0-3C94155E69DF}.Debug|x86.Build.0 = Debug|Any CPU
		{3AD1738D-5D2E-4517-A2B0-3C94155E69DF}.Release|Any CPU.ActiveCfg = Release|Any CPU
		{3AD1738D-5D2E-4517-A2B0-3C94155E69DF}.Release|Any CPU.Build.0 = Release|Any CPU
		{3AD1738D-5D2E-4517-A2B0-3C94155E69DF}.Release|Mixed Platforms.ActiveCfg = Release|Any CPU
		{3AD1738D-5D2E-4517-A2B0-3C94155E69DF}.Release|Mixed Platforms.Build.0 = Release|Any CPU
		{3AD1738D-5D2E-4517-A2B0-3C94155E69DF}.Release|x86.ActiveCfg = Release|Any CPU
		{3AD1738D-5D2E-4517-A2B0-3C94155E69DF}.Release|x86.Build.0 = Release|Any CPU
		{3AD1738D-5D2E-4517-A2B0-3C94155E69DF}.RunTests|Any CPU.ActiveCfg = Release|Any CPU
		{3AD1738D-5D2E-4517-A2B0-3C94155E69DF}.RunTests|Any CPU.Build.0 = Release|Any CPU
		{3AD1738D-5D2E-4517-A2B0-3C94155E69DF}.RunTests|Mixed Platforms.ActiveCfg = Debug|Any CPU
		{3AD1738D-5D2E-4517-A2B0-3C94155E69DF}.RunTests|Mixed Platforms.Build.0 = Debug|Any CPU
		{3AD1738D-5D2E-4517-A2B0-3C94155E69DF}.RunTests|x86.ActiveCfg = Release|Any CPU
		{3AD1738D-5D2E-4517-A2B0-3C94155E69DF}.Trace|Any CPU.ActiveCfg = Trace|Any CPU
		{3AD1738D-5D2E-4517-A2B0-3C94155E69DF}.Trace|Any CPU.Build.0 = Trace|Any CPU
		{3AD1738D-5D2E-4517-A2B0-3C94155E69DF}.Trace|Mixed Platforms.ActiveCfg = Trace|Any CPU
		{3AD1738D-5D2E-4517-A2B0-3C94155E69DF}.Trace|Mixed Platforms.Build.0 = Trace|Any CPU
		{3AD1738D-5D2E-4517-A2B0-3C94155E69DF}.Trace|x86.ActiveCfg = Trace|Any CPU
		{3AD1738D-5D2E-4517-A2B0-3C94155E69DF}.Trace|x86.Build.0 = Trace|Any CPU
		{746FADF2-D613-4FFD-8551-2181ADAE3CD1}.Debug|Any CPU.ActiveCfg = Debug|Any CPU
		{746FADF2-D613-4FFD-8551-2181ADAE3CD1}.Debug|Any CPU.Build.0 = Debug|Any CPU
		{746FADF2-D613-4FFD-8551-2181ADAE3CD1}.Debug|Mixed Platforms.ActiveCfg = Debug|Any CPU
		{746FADF2-D613-4FFD-8551-2181ADAE3CD1}.Debug|Mixed Platforms.Build.0 = Debug|Any CPU
		{746FADF2-D613-4FFD-8551-2181ADAE3CD1}.Debug|x86.ActiveCfg = Debug|Any CPU
		{746FADF2-D613-4FFD-8551-2181ADAE3CD1}.Debug|x86.Build.0 = Debug|Any CPU
		{746FADF2-D613-4FFD-8551-2181ADAE3CD1}.Release|Any CPU.ActiveCfg = Release|Any CPU
		{746FADF2-D613-4FFD-8551-2181ADAE3CD1}.Release|Any CPU.Build.0 = Release|Any CPU
		{746FADF2-D613-4FFD-8551-2181ADAE3CD1}.Release|Mixed Platforms.ActiveCfg = Release|Any CPU
		{746FADF2-D613-4FFD-8551-2181ADAE3CD1}.Release|Mixed Platforms.Build.0 = Release|Any CPU
		{746FADF2-D613-4FFD-8551-2181ADAE3CD1}.Release|x86.ActiveCfg = Release|Any CPU
		{746FADF2-D613-4FFD-8551-2181ADAE3CD1}.Release|x86.Build.0 = Release|Any CPU
		{746FADF2-D613-4FFD-8551-2181ADAE3CD1}.RunTests|Any CPU.ActiveCfg = Release|Any CPU
		{746FADF2-D613-4FFD-8551-2181ADAE3CD1}.RunTests|Any CPU.Build.0 = Release|Any CPU
		{746FADF2-D613-4FFD-8551-2181ADAE3CD1}.RunTests|Mixed Platforms.ActiveCfg = Debug|Any CPU
		{746FADF2-D613-4FFD-8551-2181ADAE3CD1}.RunTests|Mixed Platforms.Build.0 = Debug|Any CPU
		{746FADF2-D613-4FFD-8551-2181ADAE3CD1}.RunTests|x86.ActiveCfg = Release|Any CPU
		{746FADF2-D613-4FFD-8551-2181ADAE3CD1}.Trace|Any CPU.ActiveCfg = Trace|Any CPU
		{746FADF2-D613-4FFD-8551-2181ADAE3CD1}.Trace|Any CPU.Build.0 = Trace|Any CPU
		{746FADF2-D613-4FFD-8551-2181ADAE3CD1}.Trace|Mixed Platforms.ActiveCfg = Trace|Any CPU
		{746FADF2-D613-4FFD-8551-2181ADAE3CD1}.Trace|Mixed Platforms.Build.0 = Trace|Any CPU
		{746FADF2-D613-4FFD-8551-2181ADAE3CD1}.Trace|x86.ActiveCfg = Trace|Any CPU
		{746FADF2-D613-4FFD-8551-2181ADAE3CD1}.Trace|x86.Build.0 = Trace|Any CPU
		{9B217880-48AE-43B6-AE1F-DC732FCCBC7A}.Debug|Any CPU.ActiveCfg = Debug|Any CPU
		{9B217880-48AE-43B6-AE1F-DC732FCCBC7A}.Debug|Any CPU.Build.0 = Debug|Any CPU
		{9B217880-48AE-43B6-AE1F-DC732FCCBC7A}.Debug|Mixed Platforms.ActiveCfg = Debug|Any CPU
		{9B217880-48AE-43B6-AE1F-DC732FCCBC7A}.Debug|Mixed Platforms.Build.0 = Debug|Any CPU
		{9B217880-48AE-43B6-AE1F-DC732FCCBC7A}.Debug|x86.ActiveCfg = Debug|Any CPU
		{9B217880-48AE-43B6-AE1F-DC732FCCBC7A}.Debug|x86.Build.0 = Debug|Any CPU
		{9B217880-48AE-43B6-AE1F-DC732FCCBC7A}.Release|Any CPU.ActiveCfg = Release|Any CPU
		{9B217880-48AE-43B6-AE1F-DC732FCCBC7A}.Release|Any CPU.Build.0 = Release|Any CPU
		{9B217880-48AE-43B6-AE1F-DC732FCCBC7A}.Release|Mixed Platforms.ActiveCfg = Release|Any CPU
		{9B217880-48AE-43B6-AE1F-DC732FCCBC7A}.Release|Mixed Platforms.Build.0 = Release|Any CPU
		{9B217880-48AE-43B6-AE1F-DC732FCCBC7A}.Release|x86.ActiveCfg = Release|Any CPU
		{9B217880-48AE-43B6-AE1F-DC732FCCBC7A}.Release|x86.Build.0 = Release|Any CPU
		{9B217880-48AE-43B6-AE1F-DC732FCCBC7A}.RunTests|Any CPU.ActiveCfg = Release|Any CPU
		{9B217880-48AE-43B6-AE1F-DC732FCCBC7A}.RunTests|Any CPU.Build.0 = Release|Any CPU
		{9B217880-48AE-43B6-AE1F-DC732FCCBC7A}.RunTests|Mixed Platforms.ActiveCfg = Debug|Any CPU
		{9B217880-48AE-43B6-AE1F-DC732FCCBC7A}.RunTests|Mixed Platforms.Build.0 = Debug|Any CPU
		{9B217880-48AE-43B6-AE1F-DC732FCCBC7A}.RunTests|x86.ActiveCfg = Release|Any CPU
		{9B217880-48AE-43B6-AE1F-DC732FCCBC7A}.Trace|Any CPU.ActiveCfg = Trace|Any CPU
		{9B217880-48AE-43B6-AE1F-DC732FCCBC7A}.Trace|Any CPU.Build.0 = Trace|Any CPU
		{9B217880-48AE-43B6-AE1F-DC732FCCBC7A}.Trace|Mixed Platforms.ActiveCfg = Trace|Any CPU
		{9B217880-48AE-43B6-AE1F-DC732FCCBC7A}.Trace|Mixed Platforms.Build.0 = Trace|Any CPU
		{9B217880-48AE-43B6-AE1F-DC732FCCBC7A}.Trace|x86.ActiveCfg = Trace|Any CPU
		{9B217880-48AE-43B6-AE1F-DC732FCCBC7A}.Trace|x86.Build.0 = Trace|Any CPU
		{C017FBBE-EF10-4030-A69E-204E766C8F9D}.Debug|Any CPU.ActiveCfg = Debug|Any CPU
		{C017FBBE-EF10-4030-A69E-204E766C8F9D}.Debug|Any CPU.Build.0 = Debug|Any CPU
		{C017FBBE-EF10-4030-A69E-204E766C8F9D}.Debug|Mixed Platforms.ActiveCfg = Debug|Any CPU
		{C017FBBE-EF10-4030-A69E-204E766C8F9D}.Debug|Mixed Platforms.Build.0 = Debug|Any CPU
		{C017FBBE-EF10-4030-A69E-204E766C8F9D}.Debug|x86.ActiveCfg = Debug|Any CPU
		{C017FBBE-EF10-4030-A69E-204E766C8F9D}.Debug|x86.Build.0 = Debug|Any CPU
		{C017FBBE-EF10-4030-A69E-204E766C8F9D}.Release|Any CPU.ActiveCfg = Release|Any CPU
		{C017FBBE-EF10-4030-A69E-204E766C8F9D}.Release|Any CPU.Build.0 = Release|Any CPU
		{C017FBBE-EF10-4030-A69E-204E766C8F9D}.Release|Mixed Platforms.ActiveCfg = Release|Any CPU
		{C017FBBE-EF10-4030-A69E-204E766C8F9D}.Release|Mixed Platforms.Build.0 = Release|Any CPU
		{C017FBBE-EF10-4030-A69E-204E766C8F9D}.Release|x86.ActiveCfg = Release|Any CPU
		{C017FBBE-EF10-4030-A69E-204E766C8F9D}.Release|x86.Build.0 = Release|Any CPU
		{C017FBBE-EF10-4030-A69E-204E766C8F9D}.RunTests|Any CPU.ActiveCfg = Release|Any CPU
		{C017FBBE-EF10-4030-A69E-204E766C8F9D}.RunTests|Any CPU.Build.0 = Release|Any CPU
		{C017FBBE-EF10-4030-A69E-204E766C8F9D}.RunTests|Mixed Platforms.ActiveCfg = Debug|Any CPU
		{C017FBBE-EF10-4030-A69E-204E766C8F9D}.RunTests|Mixed Platforms.Build.0 = Debug|Any CPU
		{C017FBBE-EF10-4030-A69E-204E766C8F9D}.RunTests|x86.ActiveCfg = Release|Any CPU
		{C017FBBE-EF10-4030-A69E-204E766C8F9D}.Trace|Any CPU.ActiveCfg = Trace|Any CPU
		{C017FBBE-EF10-4030-A69E-204E766C8F9D}.Trace|Any CPU.Build.0 = Trace|Any CPU
		{C017FBBE-EF10-4030-A69E-204E766C8F9D}.Trace|Mixed Platforms.ActiveCfg = Trace|Any CPU
		{C017FBBE-EF10-4030-A69E-204E766C8F9D}.Trace|Mixed Platforms.Build.0 = Trace|Any CPU
		{C017FBBE-EF10-4030-A69E-204E766C8F9D}.Trace|x86.ActiveCfg = Trace|Any CPU
		{C017FBBE-EF10-4030-A69E-204E766C8F9D}.Trace|x86.Build.0 = Trace|Any CPU
		{4056A286-E040-450F-BAD8-DE8E6B9B57B8}.Debug|Any CPU.ActiveCfg = Debug|Any CPU
		{4056A286-E040-450F-BAD8-DE8E6B9B57B8}.Debug|Any CPU.Build.0 = Debug|Any CPU
		{4056A286-E040-450F-BAD8-DE8E6B9B57B8}.Debug|Mixed Platforms.ActiveCfg = Debug|Any CPU
		{4056A286-E040-450F-BAD8-DE8E6B9B57B8}.Debug|Mixed Platforms.Build.0 = Debug|Any CPU
		{4056A286-E040-450F-BAD8-DE8E6B9B57B8}.Debug|x86.ActiveCfg = Debug|Any CPU
		{4056A286-E040-450F-BAD8-DE8E6B9B57B8}.Debug|x86.Build.0 = Debug|Any CPU
		{4056A286-E040-450F-BAD8-DE8E6B9B57B8}.Release|Any CPU.ActiveCfg = Release|Any CPU
		{4056A286-E040-450F-BAD8-DE8E6B9B57B8}.Release|Any CPU.Build.0 = Release|Any CPU
		{4056A286-E040-450F-BAD8-DE8E6B9B57B8}.Release|Mixed Platforms.ActiveCfg = Release|Any CPU
		{4056A286-E040-450F-BAD8-DE8E6B9B57B8}.Release|Mixed Platforms.Build.0 = Release|Any CPU
		{4056A286-E040-450F-BAD8-DE8E6B9B57B8}.Release|x86.ActiveCfg = Release|Any CPU
		{4056A286-E040-450F-BAD8-DE8E6B9B57B8}.Release|x86.Build.0 = Release|Any CPU
		{4056A286-E040-450F-BAD8-DE8E6B9B57B8}.RunTests|Any CPU.ActiveCfg = Release|Any CPU
		{4056A286-E040-450F-BAD8-DE8E6B9B57B8}.RunTests|Any CPU.Build.0 = Release|Any CPU
		{4056A286-E040-450F-BAD8-DE8E6B9B57B8}.RunTests|Mixed Platforms.ActiveCfg = Release|Any CPU
		{4056A286-E040-450F-BAD8-DE8E6B9B57B8}.RunTests|Mixed Platforms.Build.0 = Release|Any CPU
		{4056A286-E040-450F-BAD8-DE8E6B9B57B8}.RunTests|x86.ActiveCfg = Release|Any CPU
		{4056A286-E040-450F-BAD8-DE8E6B9B57B8}.Trace|Any CPU.ActiveCfg = Trace|Any CPU
		{4056A286-E040-450F-BAD8-DE8E6B9B57B8}.Trace|Any CPU.Build.0 = Trace|Any CPU
		{4056A286-E040-450F-BAD8-DE8E6B9B57B8}.Trace|Mixed Platforms.ActiveCfg = Trace|Any CPU
		{4056A286-E040-450F-BAD8-DE8E6B9B57B8}.Trace|Mixed Platforms.Build.0 = Trace|Any CPU
		{4056A286-E040-450F-BAD8-DE8E6B9B57B8}.Trace|x86.ActiveCfg = Trace|Any CPU
		{4056A286-E040-450F-BAD8-DE8E6B9B57B8}.Trace|x86.Build.0 = Trace|Any CPU
		{ADC15EA6-1D61-4AE9-8989-9969CA2E299B}.Debug|Any CPU.ActiveCfg = Debug|Any CPU
		{ADC15EA6-1D61-4AE9-8989-9969CA2E299B}.Debug|Any CPU.Build.0 = Debug|Any CPU
		{ADC15EA6-1D61-4AE9-8989-9969CA2E299B}.Debug|Mixed Platforms.ActiveCfg = Debug|Any CPU
		{ADC15EA6-1D61-4AE9-8989-9969CA2E299B}.Debug|Mixed Platforms.Build.0 = Debug|Any CPU
		{ADC15EA6-1D61-4AE9-8989-9969CA2E299B}.Debug|x86.ActiveCfg = Debug|Any CPU
		{ADC15EA6-1D61-4AE9-8989-9969CA2E299B}.Release|Any CPU.ActiveCfg = Release|Any CPU
		{ADC15EA6-1D61-4AE9-8989-9969CA2E299B}.Release|Any CPU.Build.0 = Release|Any CPU
		{ADC15EA6-1D61-4AE9-8989-9969CA2E299B}.Release|Mixed Platforms.ActiveCfg = Release|Any CPU
		{ADC15EA6-1D61-4AE9-8989-9969CA2E299B}.Release|Mixed Platforms.Build.0 = Release|Any CPU
		{ADC15EA6-1D61-4AE9-8989-9969CA2E299B}.Release|x86.ActiveCfg = Release|Any CPU
		{ADC15EA6-1D61-4AE9-8989-9969CA2E299B}.RunTests|Any CPU.ActiveCfg = Release|Any CPU
		{ADC15EA6-1D61-4AE9-8989-9969CA2E299B}.RunTests|Any CPU.Build.0 = Release|Any CPU
		{ADC15EA6-1D61-4AE9-8989-9969CA2E299B}.RunTests|Mixed Platforms.ActiveCfg = Release|Any CPU
		{ADC15EA6-1D61-4AE9-8989-9969CA2E299B}.RunTests|Mixed Platforms.Build.0 = Release|Any CPU
		{ADC15EA6-1D61-4AE9-8989-9969CA2E299B}.RunTests|x86.ActiveCfg = Release|Any CPU
		{ADC15EA6-1D61-4AE9-8989-9969CA2E299B}.Trace|Any CPU.ActiveCfg = Release|Any CPU
		{ADC15EA6-1D61-4AE9-8989-9969CA2E299B}.Trace|Any CPU.Build.0 = Release|Any CPU
		{ADC15EA6-1D61-4AE9-8989-9969CA2E299B}.Trace|Mixed Platforms.ActiveCfg = Release|Any CPU
		{ADC15EA6-1D61-4AE9-8989-9969CA2E299B}.Trace|Mixed Platforms.Build.0 = Release|Any CPU
		{ADC15EA6-1D61-4AE9-8989-9969CA2E299B}.Trace|x86.ActiveCfg = Release|Any CPU
		{DB1B25C7-5ADF-4190-8EA1-9C30F4021F94}.Debug|Any CPU.ActiveCfg = Debug|Any CPU
		{DB1B25C7-5ADF-4190-8EA1-9C30F4021F94}.Debug|Any CPU.Build.0 = Debug|Any CPU
		{DB1B25C7-5ADF-4190-8EA1-9C30F4021F94}.Debug|Mixed Platforms.ActiveCfg = Debug|Any CPU
		{DB1B25C7-5ADF-4190-8EA1-9C30F4021F94}.Debug|Mixed Platforms.Build.0 = Debug|Any CPU
		{DB1B25C7-5ADF-4190-8EA1-9C30F4021F94}.Debug|x86.ActiveCfg = Debug|Any CPU
		{DB1B25C7-5ADF-4190-8EA1-9C30F4021F94}.Release|Any CPU.ActiveCfg = Release|Any CPU
		{DB1B25C7-5ADF-4190-8EA1-9C30F4021F94}.Release|Any CPU.Build.0 = Release|Any CPU
		{DB1B25C7-5ADF-4190-8EA1-9C30F4021F94}.Release|Mixed Platforms.ActiveCfg = Release|Any CPU
		{DB1B25C7-5ADF-4190-8EA1-9C30F4021F94}.Release|Mixed Platforms.Build.0 = Release|Any CPU
		{DB1B25C7-5ADF-4190-8EA1-9C30F4021F94}.Release|x86.ActiveCfg = Release|Any CPU
		{DB1B25C7-5ADF-4190-8EA1-9C30F4021F94}.RunTests|Any CPU.ActiveCfg = Release|Any CPU
		{DB1B25C7-5ADF-4190-8EA1-9C30F4021F94}.RunTests|Any CPU.Build.0 = Release|Any CPU
		{DB1B25C7-5ADF-4190-8EA1-9C30F4021F94}.RunTests|Mixed Platforms.ActiveCfg = Release|Any CPU
		{DB1B25C7-5ADF-4190-8EA1-9C30F4021F94}.RunTests|Mixed Platforms.Build.0 = Release|Any CPU
		{DB1B25C7-5ADF-4190-8EA1-9C30F4021F94}.RunTests|x86.ActiveCfg = Release|Any CPU
		{DB1B25C7-5ADF-4190-8EA1-9C30F4021F94}.Trace|Any CPU.ActiveCfg = Release|Any CPU
		{DB1B25C7-5ADF-4190-8EA1-9C30F4021F94}.Trace|Any CPU.Build.0 = Release|Any CPU
		{DB1B25C7-5ADF-4190-8EA1-9C30F4021F94}.Trace|Mixed Platforms.ActiveCfg = Release|Any CPU
		{DB1B25C7-5ADF-4190-8EA1-9C30F4021F94}.Trace|Mixed Platforms.Build.0 = Release|Any CPU
		{DB1B25C7-5ADF-4190-8EA1-9C30F4021F94}.Trace|x86.ActiveCfg = Release|Any CPU
		{2D629653-A87E-4AC4-9E58-3EAA1107C456}.Debug|Any CPU.ActiveCfg = Debug|Any CPU
		{2D629653-A87E-4AC4-9E58-3EAA1107C456}.Debug|Any CPU.Build.0 = Debug|Any CPU
		{2D629653-A87E-4AC4-9E58-3EAA1107C456}.Debug|Mixed Platforms.ActiveCfg = Debug|Any CPU
		{2D629653-A87E-4AC4-9E58-3EAA1107C456}.Debug|Mixed Platforms.Build.0 = Debug|Any CPU
		{2D629653-A87E-4AC4-9E58-3EAA1107C456}.Debug|x86.ActiveCfg = Debug|Any CPU
		{2D629653-A87E-4AC4-9E58-3EAA1107C456}.Release|Any CPU.ActiveCfg = Release|Any CPU
		{2D629653-A87E-4AC4-9E58-3EAA1107C456}.Release|Any CPU.Build.0 = Release|Any CPU
		{2D629653-A87E-4AC4-9E58-3EAA1107C456}.Release|Mixed Platforms.ActiveCfg = Release|Any CPU
		{2D629653-A87E-4AC4-9E58-3EAA1107C456}.Release|Mixed Platforms.Build.0 = Release|Any CPU
		{2D629653-A87E-4AC4-9E58-3EAA1107C456}.Release|x86.ActiveCfg = Release|Any CPU
		{2D629653-A87E-4AC4-9E58-3EAA1107C456}.RunTests|Any CPU.ActiveCfg = Release|Any CPU
		{2D629653-A87E-4AC4-9E58-3EAA1107C456}.RunTests|Any CPU.Build.0 = Release|Any CPU
		{2D629653-A87E-4AC4-9E58-3EAA1107C456}.RunTests|Mixed Platforms.ActiveCfg = Release|Any CPU
		{2D629653-A87E-4AC4-9E58-3EAA1107C456}.RunTests|Mixed Platforms.Build.0 = Release|Any CPU
		{2D629653-A87E-4AC4-9E58-3EAA1107C456}.RunTests|x86.ActiveCfg = Release|Any CPU
		{2D629653-A87E-4AC4-9E58-3EAA1107C456}.Trace|Any CPU.ActiveCfg = Release|Any CPU
		{2D629653-A87E-4AC4-9E58-3EAA1107C456}.Trace|Any CPU.Build.0 = Release|Any CPU
		{2D629653-A87E-4AC4-9E58-3EAA1107C456}.Trace|Mixed Platforms.ActiveCfg = Release|Any CPU
		{2D629653-A87E-4AC4-9E58-3EAA1107C456}.Trace|Mixed Platforms.Build.0 = Release|Any CPU
		{2D629653-A87E-4AC4-9E58-3EAA1107C456}.Trace|x86.ActiveCfg = Release|Any CPU
	EndGlobalSection
	GlobalSection(SolutionProperties) = preSolution
		HideSolutionNode = FALSE
	EndGlobalSection
	GlobalSection(ExtensibilityGlobals) = postSolution
		SolutionGuid = d38aaf0d-8be1-4b81-a305-6434120ed494
	EndGlobalSection
EndGlobal
