
Microsoft Visual Studio Solution File, Format Version 10.00
# Visual Studio 2008
Project("{FAE04EC0-301F-11D3-BF4B-00C04F79EFBC}") = "GLWidgetTest", "GLWidgetTest\GLWidgetTest.csproj", "{52CC842F-FEFF-4F88-99FA-58D24DDBF9CF}"
EndProject
Project("{FAE04EC0-301F-11D3-BF4B-00C04F79EFBC}") = "GLWidget", "GLWidget\GLWidget.csproj", "{34627299-AB51-4C99-B5DA-C03EB751B387}"
EndProject
Global
	GlobalSection(SolutionConfigurationPlatforms) = preSolution
		Debug|Any CPU = Debug|Any CPU
		Release|Any CPU = Release|Any CPU
	EndGlobalSection
	GlobalSection(ProjectConfigurationPlatforms) = postSolution
		{34627299-AB51-4C99-B5DA-C03EB751B387}.Debug|Any CPU.ActiveCfg = Debug|Any CPU
		{34627299-AB51-4C99-B5DA-C03EB751B387}.Debug|Any CPU.Build.0 = Debug|Any CPU
		{34627299-AB51-4C99-B5DA-C03EB751B387}.Release|Any CPU.ActiveCfg = Release|Any CPU
		{34627299-AB51-4C99-B5DA-C03EB751B387}.Release|Any CPU.Build.0 = Release|Any CPU
		{52CC842F-FEFF-4F88-99FA-58D24DDBF9CF}.Debug|Any CPU.ActiveCfg = Debug|Any CPU
		{52CC842F-FEFF-4F88-99FA-58D24DDBF9CF}.Debug|Any CPU.Build.0 = Debug|Any CPU
		{52CC842F-FEFF-4F88-99FA-58D24DDBF9CF}.Release|Any CPU.ActiveCfg = Release|Any CPU
		{52CC842F-FEFF-4F88-99FA-58D24DDBF9CF}.Release|Any CPU.Build.0 = Release|Any CPU
	EndGlobalSection
	GlobalSection(MonoDevelopProperties) = preSolution
		StartupItem = GLWidgetTest\GLWidgetTest.csproj
		version = 1.1
	EndGlobalSection
EndGlobal
